// !$*UTF8*$!
{
	archiveVersion = 1;
	classes = {
	};
	objectVersion = 46;
	objects = {

/* Begin PBXBuildFile section */
		2722EDC01E3081B00073E1D7 /* Create Clean Archive.workflow in Resources */ = {isa = PBXBuildFile; fileRef = 2722EDBB1E3081B00073E1D7 /* Create Clean Archive.workflow */; };
		2722EDC11E3081B00073E1D7 /* Create Symbolic Link.workflow in Resources */ = {isa = PBXBuildFile; fileRef = 2722EDBC1E3081B00073E1D7 /* Create Symbolic Link.workflow */; };
		2722EDC21E3081B00073E1D7 /* Hide Extensions.workflow in Resources */ = {isa = PBXBuildFile; fileRef = 2722EDBD1E3081B00073E1D7 /* Hide Extensions.workflow */; };
		2722EDC31E3081B00073E1D7 /* Make Names Web-Friendly.workflow in Resources */ = {isa = PBXBuildFile; fileRef = 2722EDBE1E3081B00073E1D7 /* Make Names Web-Friendly.workflow */; };
		2722EDC41E3081B00073E1D7 /* Save for Web.workflow in Resources */ = {isa = PBXBuildFile; fileRef = 2722EDBF1E3081B00073E1D7 /* Save for Web.workflow */; };
		2727C6EF21D5B597008E99D9 /* JUNVersionButton.swift in Sources */ = {isa = PBXBuildFile; fileRef = 2727C6EA21D5B597008E99D9 /* JUNVersionButton.swift */; };
		2727C6F021D5B597008E99D9 /* JUNAboutWindowController.swift in Sources */ = {isa = PBXBuildFile; fileRef = 2727C6EB21D5B597008E99D9 /* JUNAboutWindowController.swift */; };
		2727C6F121D5B597008E99D9 /* JUNAboutViewController.swift in Sources */ = {isa = PBXBuildFile; fileRef = 2727C6EC21D5B597008E99D9 /* JUNAboutViewController.swift */; };
		2727C6F221D5B597008E99D9 /* JUNLinkTextView.swift in Sources */ = {isa = PBXBuildFile; fileRef = 2727C6ED21D5B597008E99D9 /* JUNLinkTextView.swift */; };
		2727C6F321D5B597008E99D9 /* JUNCustomAboutViewController.swift in Sources */ = {isa = PBXBuildFile; fileRef = 2727C6EE21D5B597008E99D9 /* JUNCustomAboutViewController.swift */; };
		2727C6F621D5B5BE008E99D9 /* About.storyboard in Resources */ = {isa = PBXBuildFile; fileRef = 2727C6F421D5B5BE008E99D9 /* About.storyboard */; };
		2727C6FD21D5B827008E99D9 /* Credits.html in Resources */ = {isa = PBXBuildFile; fileRef = 2727C6FB21D5B827008E99D9 /* Credits.html */; };
		2786EC8A1FE1C9BD002D4678 /* URL+Utilities.swift in Sources */ = {isa = PBXBuildFile; fileRef = 2786EC891FE1C9BD002D4678 /* URL+Utilities.swift */; };
		279510121E30137B0095AA8D /* AppDelegate.swift in Sources */ = {isa = PBXBuildFile; fileRef = 279510111E30137B0095AA8D /* AppDelegate.swift */; };
		279510141E30137B0095AA8D /* AutomatorViewController.swift in Sources */ = {isa = PBXBuildFile; fileRef = 279510131E30137B0095AA8D /* AutomatorViewController.swift */; };
		279510161E30137B0095AA8D /* Assets.xcassets in Resources */ = {isa = PBXBuildFile; fileRef = 279510151E30137B0095AA8D /* Assets.xcassets */; };
		279510191E30137B0095AA8D /* Main.storyboard in Resources */ = {isa = PBXBuildFile; fileRef = 279510171E30137B0095AA8D /* Main.storyboard */; };
		279510291E3013B50095AA8D /* Create_Clean_Archive.m in Sources */ = {isa = PBXBuildFile; fileRef = 279510281E3013B50095AA8D /* Create_Clean_Archive.m */; };
		2795102C1E3013B50095AA8D /* main.xib in Resources */ = {isa = PBXBuildFile; fileRef = 2795102A1E3013B50095AA8D /* main.xib */; };
		279510301E3013B50095AA8D /* InfoPlist.strings in Resources */ = {isa = PBXBuildFile; fileRef = 2795102E1E3013B50095AA8D /* InfoPlist.strings */; };
		279510371E30157A0095AA8D /* Create Clean Archive.action in Embed Automator Actions */ = {isa = PBXBuildFile; fileRef = 279510251E3013B50095AA8D /* Create Clean Archive.action */; settings = {ATTRIBUTES = (CodeSignOnCopy, RemoveHeadersOnCopy, ); }; };
		279510411E3016410095AA8D /* Create_Symbolic_Link.m in Sources */ = {isa = PBXBuildFile; fileRef = 279510401E3016410095AA8D /* Create_Symbolic_Link.m */; };
		279510441E3016410095AA8D /* main.xib in Resources */ = {isa = PBXBuildFile; fileRef = 279510421E3016410095AA8D /* main.xib */; };
		279510481E3016410095AA8D /* InfoPlist.strings in Resources */ = {isa = PBXBuildFile; fileRef = 279510461E3016410095AA8D /* InfoPlist.strings */; };
		2795104E1E3017050095AA8D /* Create Symbolic Link.action in Embed Automator Actions */ = {isa = PBXBuildFile; fileRef = 2795103D1E3016410095AA8D /* Create Symbolic Link.action */; settings = {ATTRIBUTES = (CodeSignOnCopy, RemoveHeadersOnCopy, ); }; };
		279510581E3019990095AA8D /* Hide_or_Show_Extensions.m in Sources */ = {isa = PBXBuildFile; fileRef = 279510571E3019990095AA8D /* Hide_or_Show_Extensions.m */; };
		2795105B1E3019990095AA8D /* main.xib in Resources */ = {isa = PBXBuildFile; fileRef = 279510591E3019990095AA8D /* main.xib */; };
		2795105F1E3019990095AA8D /* InfoPlist.strings in Resources */ = {isa = PBXBuildFile; fileRef = 2795105D1E3019990095AA8D /* InfoPlist.strings */; };
		279510651E301A610095AA8D /* Hide or Show Extensions.action in Embed Automator Actions */ = {isa = PBXBuildFile; fileRef = 279510541E3019990095AA8D /* Hide or Show Extensions.action */; settings = {ATTRIBUTES = (CodeSignOnCopy, RemoveHeadersOnCopy, ); }; };
		2795106F1E301AA60095AA8D /* Make_Names_Web_Friendly.m in Sources */ = {isa = PBXBuildFile; fileRef = 2795106E1E301AA60095AA8D /* Make_Names_Web_Friendly.m */; };
		279510721E301AA60095AA8D /* main.xib in Resources */ = {isa = PBXBuildFile; fileRef = 279510701E301AA60095AA8D /* main.xib */; };
		279510761E301AA60095AA8D /* InfoPlist.strings in Resources */ = {isa = PBXBuildFile; fileRef = 279510741E301AA60095AA8D /* InfoPlist.strings */; };
		2795107C1E301B560095AA8D /* Make Names Web-Friendly.action in Embed Automator Actions */ = {isa = PBXBuildFile; fileRef = 2795106B1E301AA60095AA8D /* Make Names Web-Friendly.action */; settings = {ATTRIBUTES = (CodeSignOnCopy, RemoveHeadersOnCopy, ); }; };
		2795109A1E301C810095AA8D /* Save_for_Web.m in Sources */ = {isa = PBXBuildFile; fileRef = 279510991E301C810095AA8D /* Save_for_Web.m */; };
		2795109D1E301C810095AA8D /* main.xib in Resources */ = {isa = PBXBuildFile; fileRef = 2795109B1E301C810095AA8D /* main.xib */; };
		279510A11E301C810095AA8D /* InfoPlist.strings in Resources */ = {isa = PBXBuildFile; fileRef = 2795109F1E301C810095AA8D /* InfoPlist.strings */; };
		279510A71E3033460095AA8D /* Save for Web.action in Embed Automator Actions */ = {isa = PBXBuildFile; fileRef = 279510961E301C810095AA8D /* Save for Web.action */; settings = {ATTRIBUTES = (CodeSignOnCopy, RemoveHeadersOnCopy, ); }; };
		27CD015121CAF6760030FBB3 /* WindowController.swift in Sources */ = {isa = PBXBuildFile; fileRef = 27CD015021CAF6760030FBB3 /* WindowController.swift */; };
		27CD016121CB36FC0030FBB3 /* Cocoa.framework in Frameworks */ = {isa = PBXBuildFile; fileRef = 27CD016021CB36FC0030FBB3 /* Cocoa.framework */; };
		27CD016421CB36FC0030FBB3 /* SafariExtensionHandler.swift in Sources */ = {isa = PBXBuildFile; fileRef = 27CD016321CB36FC0030FBB3 /* SafariExtensionHandler.swift */; };
		27CD016C21CB36FC0030FBB3 /* CopyShortLink.js in Resources */ = {isa = PBXBuildFile; fileRef = 27CD016B21CB36FC0030FBB3 /* CopyShortLink.js */; };
		27CD017221CB36FC0030FBB3 /* Copy Short Link.appex in Embed App Extensions */ = {isa = PBXBuildFile; fileRef = 27CD015E21CB36FC0030FBB3 /* Copy Short Link.appex */; settings = {ATTRIBUTES = (RemoveHeadersOnCopy, ); }; };
		27CD017821CB4BD60030FBB3 /* CopyShortLink.css in Resources */ = {isa = PBXBuildFile; fileRef = 27CD017721CB4BD60030FBB3 /* CopyShortLink.css */; };
		27CD017A21CB67110030FBB3 /* CopyShortLink.pdf in Resources */ = {isa = PBXBuildFile; fileRef = 27CD017921CB67110030FBB3 /* CopyShortLink.pdf */; };
		27CD018021CB7D2F0030FBB3 /* SafariViewController.swift in Sources */ = {isa = PBXBuildFile; fileRef = 27CD017F21CB7D2F0030FBB3 /* SafariViewController.swift */; };
		27E587F81FE1F056009771EE /* Data+SHA1.swift in Sources */ = {isa = PBXBuildFile; fileRef = 27E587F71FE1F056009771EE /* Data+SHA1.swift */; };
/* End PBXBuildFile section */

/* Begin PBXContainerItemProxy section */
		279510341E3014B90095AA8D /* PBXContainerItemProxy */ = {
			isa = PBXContainerItemProxy;
			containerPortal = 279510061E30137B0095AA8D /* Project object */;
			proxyType = 1;
			remoteGlobalIDString = 279510241E3013B50095AA8D;
			remoteInfo = "Create Clean Archive";
		};
		2795104C1E3016FF0095AA8D /* PBXContainerItemProxy */ = {
			isa = PBXContainerItemProxy;
			containerPortal = 279510061E30137B0095AA8D /* Project object */;
			proxyType = 1;
			remoteGlobalIDString = 2795103C1E3016410095AA8D;
			remoteInfo = "Create Symbolic Link";
		};
		279510631E301A5D0095AA8D /* PBXContainerItemProxy */ = {
			isa = PBXContainerItemProxy;
			containerPortal = 279510061E30137B0095AA8D /* Project object */;
			proxyType = 1;
			remoteGlobalIDString = 279510531E3019990095AA8D;
			remoteInfo = "Hide or Show Extensions";
		};
		2795107A1E301B510095AA8D /* PBXContainerItemProxy */ = {
			isa = PBXContainerItemProxy;
			containerPortal = 279510061E30137B0095AA8D /* Project object */;
			proxyType = 1;
			remoteGlobalIDString = 2795106A1E301AA60095AA8D;
			remoteInfo = "Make Names Web-Friendly";
		};
		279510A51E3033420095AA8D /* PBXContainerItemProxy */ = {
			isa = PBXContainerItemProxy;
			containerPortal = 279510061E30137B0095AA8D /* Project object */;
			proxyType = 1;
			remoteGlobalIDString = 279510951E301C810095AA8D;
			remoteInfo = "Save for Web";
		};
		27CD017021CB36FC0030FBB3 /* PBXContainerItemProxy */ = {
			isa = PBXContainerItemProxy;
			containerPortal = 279510061E30137B0095AA8D /* Project object */;
			proxyType = 1;
			remoteGlobalIDString = 27CD015D21CB36FC0030FBB3;
			remoteInfo = "Copy Short Link";
		};
/* End PBXContainerItemProxy section */

/* Begin PBXCopyFilesBuildPhase section */
		279510361E30154F0095AA8D /* Embed Automator Actions */ = {
			isa = PBXCopyFilesBuildPhase;
			buildActionMask = 2147483647;
			dstPath = Contents/Library/Automator;
			dstSubfolderSpec = 1;
			files = (
				279510A71E3033460095AA8D /* Save for Web.action in Embed Automator Actions */,
				2795107C1E301B560095AA8D /* Make Names Web-Friendly.action in Embed Automator Actions */,
				279510651E301A610095AA8D /* Hide or Show Extensions.action in Embed Automator Actions */,
				2795104E1E3017050095AA8D /* Create Symbolic Link.action in Embed Automator Actions */,
				279510371E30157A0095AA8D /* Create Clean Archive.action in Embed Automator Actions */,
			);
			name = "Embed Automator Actions";
			runOnlyForDeploymentPostprocessing = 0;
		};
		27CD017621CB36FC0030FBB3 /* Embed App Extensions */ = {
			isa = PBXCopyFilesBuildPhase;
			buildActionMask = 2147483647;
			dstPath = "";
			dstSubfolderSpec = 13;
			files = (
				27CD017221CB36FC0030FBB3 /* Copy Short Link.appex in Embed App Extensions */,
			);
			name = "Embed App Extensions";
			runOnlyForDeploymentPostprocessing = 0;
		};
/* End PBXCopyFilesBuildPhase section */

/* Begin PBXFileReference section */
		2722EDBB1E3081B00073E1D7 /* Create Clean Archive.workflow */ = {isa = PBXFileReference; lastKnownFileType = wrapper; path = "Create Clean Archive.workflow"; sourceTree = "<group>"; };
		2722EDBC1E3081B00073E1D7 /* Create Symbolic Link.workflow */ = {isa = PBXFileReference; lastKnownFileType = wrapper; path = "Create Symbolic Link.workflow"; sourceTree = "<group>"; };
		2722EDBD1E3081B00073E1D7 /* Hide Extensions.workflow */ = {isa = PBXFileReference; lastKnownFileType = wrapper; path = "Hide Extensions.workflow"; sourceTree = "<group>"; };
		2722EDBE1E3081B00073E1D7 /* Make Names Web-Friendly.workflow */ = {isa = PBXFileReference; lastKnownFileType = wrapper; path = "Make Names Web-Friendly.workflow"; sourceTree = "<group>"; };
		2722EDBF1E3081B00073E1D7 /* Save for Web.workflow */ = {isa = PBXFileReference; lastKnownFileType = wrapper; path = "Save for Web.workflow"; sourceTree = "<group>"; };
		2727C6EA21D5B597008E99D9 /* JUNVersionButton.swift */ = {isa = PBXFileReference; fileEncoding = 4; lastKnownFileType = sourcecode.swift; path = JUNVersionButton.swift; sourceTree = "<group>"; };
		2727C6EB21D5B597008E99D9 /* JUNAboutWindowController.swift */ = {isa = PBXFileReference; fileEncoding = 4; lastKnownFileType = sourcecode.swift; path = JUNAboutWindowController.swift; sourceTree = "<group>"; };
		2727C6EC21D5B597008E99D9 /* JUNAboutViewController.swift */ = {isa = PBXFileReference; fileEncoding = 4; lastKnownFileType = sourcecode.swift; path = JUNAboutViewController.swift; sourceTree = "<group>"; };
		2727C6ED21D5B597008E99D9 /* JUNLinkTextView.swift */ = {isa = PBXFileReference; fileEncoding = 4; lastKnownFileType = sourcecode.swift; path = JUNLinkTextView.swift; sourceTree = "<group>"; };
		2727C6EE21D5B597008E99D9 /* JUNCustomAboutViewController.swift */ = {isa = PBXFileReference; fileEncoding = 4; lastKnownFileType = sourcecode.swift; path = JUNCustomAboutViewController.swift; sourceTree = "<group>"; };
		2727C6F521D5B5BE008E99D9 /* Base */ = {isa = PBXFileReference; lastKnownFileType = file.storyboard; name = Base; path = Base.lproj/About.storyboard; sourceTree = "<group>"; };
		2727C6FC21D5B827008E99D9 /* Base */ = {isa = PBXFileReference; lastKnownFileType = text.html; name = Base; path = Base.lproj/Credits.html; sourceTree = "<group>"; };
		2786EC891FE1C9BD002D4678 /* URL+Utilities.swift */ = {isa = PBXFileReference; fileEncoding = 4; lastKnownFileType = sourcecode.swift; path = "URL+Utilities.swift"; sourceTree = "<group>"; };
		2795100E1E30137B0095AA8D /* Junecloud Toolbox.app */ = {isa = PBXFileReference; explicitFileType = wrapper.application; includeInIndex = 0; path = "Junecloud Toolbox.app"; sourceTree = BUILT_PRODUCTS_DIR; };
		279510111E30137B0095AA8D /* AppDelegate.swift */ = {isa = PBXFileReference; lastKnownFileType = sourcecode.swift; path = AppDelegate.swift; sourceTree = "<group>"; };
		279510131E30137B0095AA8D /* AutomatorViewController.swift */ = {isa = PBXFileReference; lastKnownFileType = sourcecode.swift; path = AutomatorViewController.swift; sourceTree = "<group>"; };
		279510151E30137B0095AA8D /* Assets.xcassets */ = {isa = PBXFileReference; lastKnownFileType = folder.assetcatalog; path = Assets.xcassets; sourceTree = "<group>"; };
		279510181E30137B0095AA8D /* Base */ = {isa = PBXFileReference; lastKnownFileType = file.storyboard; name = Base; path = Base.lproj/Main.storyboard; sourceTree = "<group>"; };
		2795101A1E30137B0095AA8D /* Info.plist */ = {isa = PBXFileReference; lastKnownFileType = text.plist.xml; path = Info.plist; sourceTree = "<group>"; };
		279510251E3013B50095AA8D /* Create Clean Archive.action */ = {isa = PBXFileReference; explicitFileType = wrapper.cfbundle; includeInIndex = 0; path = "Create Clean Archive.action"; sourceTree = BUILT_PRODUCTS_DIR; };
		279510271E3013B50095AA8D /* Create_Clean_Archive.h */ = {isa = PBXFileReference; lastKnownFileType = sourcecode.c.h; path = Create_Clean_Archive.h; sourceTree = "<group>"; };
		279510281E3013B50095AA8D /* Create_Clean_Archive.m */ = {isa = PBXFileReference; lastKnownFileType = sourcecode.c.objc; path = Create_Clean_Archive.m; sourceTree = "<group>"; };
		2795102B1E3013B50095AA8D /* Base */ = {isa = PBXFileReference; lastKnownFileType = file.xib; name = Base; path = Base.lproj/main.xib; sourceTree = "<group>"; };
		2795102D1E3013B50095AA8D /* Info.plist */ = {isa = PBXFileReference; lastKnownFileType = text.plist.xml; path = Info.plist; sourceTree = "<group>"; };
		2795102F1E3013B50095AA8D /* en */ = {isa = PBXFileReference; lastKnownFileType = text.plist.strings; name = en; path = en.lproj/InfoPlist.strings; sourceTree = "<group>"; };
		2795103D1E3016410095AA8D /* Create Symbolic Link.action */ = {isa = PBXFileReference; explicitFileType = wrapper.cfbundle; includeInIndex = 0; path = "Create Symbolic Link.action"; sourceTree = BUILT_PRODUCTS_DIR; };
		2795103F1E3016410095AA8D /* Create_Symbolic_Link.h */ = {isa = PBXFileReference; lastKnownFileType = sourcecode.c.h; path = Create_Symbolic_Link.h; sourceTree = "<group>"; };
		279510401E3016410095AA8D /* Create_Symbolic_Link.m */ = {isa = PBXFileReference; lastKnownFileType = sourcecode.c.objc; path = Create_Symbolic_Link.m; sourceTree = "<group>"; };
		279510431E3016410095AA8D /* Base */ = {isa = PBXFileReference; lastKnownFileType = file.xib; name = Base; path = Base.lproj/main.xib; sourceTree = "<group>"; };
		279510451E3016410095AA8D /* Info.plist */ = {isa = PBXFileReference; lastKnownFileType = text.plist.xml; path = Info.plist; sourceTree = "<group>"; };
		279510471E3016410095AA8D /* en */ = {isa = PBXFileReference; lastKnownFileType = text.plist.strings; name = en; path = en.lproj/InfoPlist.strings; sourceTree = "<group>"; };
		279510541E3019990095AA8D /* Hide or Show Extensions.action */ = {isa = PBXFileReference; explicitFileType = wrapper.cfbundle; includeInIndex = 0; path = "Hide or Show Extensions.action"; sourceTree = BUILT_PRODUCTS_DIR; };
		279510561E3019990095AA8D /* Hide_or_Show_Extensions.h */ = {isa = PBXFileReference; lastKnownFileType = sourcecode.c.h; path = Hide_or_Show_Extensions.h; sourceTree = "<group>"; };
		279510571E3019990095AA8D /* Hide_or_Show_Extensions.m */ = {isa = PBXFileReference; lastKnownFileType = sourcecode.c.objc; path = Hide_or_Show_Extensions.m; sourceTree = "<group>"; };
		2795105A1E3019990095AA8D /* Base */ = {isa = PBXFileReference; lastKnownFileType = file.xib; name = Base; path = Base.lproj/main.xib; sourceTree = "<group>"; };
		2795105C1E3019990095AA8D /* Info.plist */ = {isa = PBXFileReference; lastKnownFileType = text.plist.xml; path = Info.plist; sourceTree = "<group>"; };
		2795105E1E3019990095AA8D /* en */ = {isa = PBXFileReference; lastKnownFileType = text.plist.strings; name = en; path = en.lproj/InfoPlist.strings; sourceTree = "<group>"; };
		2795106B1E301AA60095AA8D /* Make Names Web-Friendly.action */ = {isa = PBXFileReference; explicitFileType = wrapper.cfbundle; includeInIndex = 0; path = "Make Names Web-Friendly.action"; sourceTree = BUILT_PRODUCTS_DIR; };
		2795106D1E301AA60095AA8D /* Make_Names_Web_Friendly.h */ = {isa = PBXFileReference; lastKnownFileType = sourcecode.c.h; path = Make_Names_Web_Friendly.h; sourceTree = "<group>"; };
		2795106E1E301AA60095AA8D /* Make_Names_Web_Friendly.m */ = {isa = PBXFileReference; lastKnownFileType = sourcecode.c.objc; path = Make_Names_Web_Friendly.m; sourceTree = "<group>"; };
		279510711E301AA60095AA8D /* Base */ = {isa = PBXFileReference; lastKnownFileType = file.xib; name = Base; path = Base.lproj/main.xib; sourceTree = "<group>"; };
		279510731E301AA60095AA8D /* Info.plist */ = {isa = PBXFileReference; lastKnownFileType = text.plist.xml; path = Info.plist; sourceTree = "<group>"; };
		279510751E301AA60095AA8D /* en */ = {isa = PBXFileReference; lastKnownFileType = text.plist.strings; name = en; path = en.lproj/InfoPlist.strings; sourceTree = "<group>"; };
		279510961E301C810095AA8D /* Save for Web.action */ = {isa = PBXFileReference; explicitFileType = wrapper.cfbundle; includeInIndex = 0; path = "Save for Web.action"; sourceTree = BUILT_PRODUCTS_DIR; };
		279510981E301C810095AA8D /* Save_for_Web.h */ = {isa = PBXFileReference; lastKnownFileType = sourcecode.c.h; path = Save_for_Web.h; sourceTree = "<group>"; };
		279510991E301C810095AA8D /* Save_for_Web.m */ = {isa = PBXFileReference; lastKnownFileType = sourcecode.c.objc; path = Save_for_Web.m; sourceTree = "<group>"; };
		2795109C1E301C810095AA8D /* Base */ = {isa = PBXFileReference; lastKnownFileType = file.xib; name = Base; path = Base.lproj/main.xib; sourceTree = "<group>"; };
		2795109E1E301C810095AA8D /* Info.plist */ = {isa = PBXFileReference; lastKnownFileType = text.plist.xml; path = Info.plist; sourceTree = "<group>"; };
		279510A01E301C810095AA8D /* en */ = {isa = PBXFileReference; lastKnownFileType = text.plist.strings; name = en; path = en.lproj/InfoPlist.strings; sourceTree = "<group>"; };
		279510A81E3033920095AA8D /* Junecloud Toolbox.entitlements */ = {isa = PBXFileReference; lastKnownFileType = text.plist.entitlements; path = "Junecloud Toolbox.entitlements"; sourceTree = "<group>"; };
		27CD015021CAF6760030FBB3 /* WindowController.swift */ = {isa = PBXFileReference; lastKnownFileType = sourcecode.swift; path = WindowController.swift; sourceTree = "<group>"; };
		27CD015E21CB36FC0030FBB3 /* Copy Short Link.appex */ = {isa = PBXFileReference; explicitFileType = "wrapper.app-extension"; includeInIndex = 0; path = "Copy Short Link.appex"; sourceTree = BUILT_PRODUCTS_DIR; };
		27CD016021CB36FC0030FBB3 /* Cocoa.framework */ = {isa = PBXFileReference; lastKnownFileType = wrapper.framework; name = Cocoa.framework; path = System/Library/Frameworks/Cocoa.framework; sourceTree = SDKROOT; };
		27CD016321CB36FC0030FBB3 /* SafariExtensionHandler.swift */ = {isa = PBXFileReference; lastKnownFileType = sourcecode.swift; path = SafariExtensionHandler.swift; sourceTree = "<group>"; };
		27CD016A21CB36FC0030FBB3 /* Info.plist */ = {isa = PBXFileReference; lastKnownFileType = text.plist.xml; path = Info.plist; sourceTree = "<group>"; };
		27CD016B21CB36FC0030FBB3 /* CopyShortLink.js */ = {isa = PBXFileReference; lastKnownFileType = sourcecode.javascript; path = CopyShortLink.js; sourceTree = "<group>"; };
		27CD016F21CB36FC0030FBB3 /* CopyShortLink.entitlements */ = {isa = PBXFileReference; lastKnownFileType = text.plist.entitlements; path = CopyShortLink.entitlements; sourceTree = "<group>"; };
		27CD017721CB4BD60030FBB3 /* CopyShortLink.css */ = {isa = PBXFileReference; fileEncoding = 4; lastKnownFileType = text.css; path = CopyShortLink.css; sourceTree = "<group>"; };
		27CD017921CB67110030FBB3 /* CopyShortLink.pdf */ = {isa = PBXFileReference; lastKnownFileType = image.pdf; path = CopyShortLink.pdf; sourceTree = "<group>"; };
		27CD017F21CB7D2F0030FBB3 /* SafariViewController.swift */ = {isa = PBXFileReference; lastKnownFileType = sourcecode.swift; path = SafariViewController.swift; sourceTree = "<group>"; };
		27E587F61FE1EFBB009771EE /* Bridging-Header.h */ = {isa = PBXFileReference; lastKnownFileType = sourcecode.c.h; path = "Bridging-Header.h"; sourceTree = "<group>"; };
		27E587F71FE1F056009771EE /* Data+SHA1.swift */ = {isa = PBXFileReference; lastKnownFileType = sourcecode.swift; path = "Data+SHA1.swift"; sourceTree = "<group>"; };
/* End PBXFileReference section */

/* Begin PBXFrameworksBuildPhase section */
		2795100B1E30137B0095AA8D /* Frameworks */ = {
			isa = PBXFrameworksBuildPhase;
			buildActionMask = 2147483647;
			files = (
			);
			runOnlyForDeploymentPostprocessing = 0;
		};
		279510211E3013B50095AA8D /* Frameworks */ = {
			isa = PBXFrameworksBuildPhase;
			buildActionMask = 2147483647;
			files = (
			);
			runOnlyForDeploymentPostprocessing = 0;
		};
		279510391E3016410095AA8D /* Frameworks */ = {
			isa = PBXFrameworksBuildPhase;
			buildActionMask = 2147483647;
			files = (
			);
			runOnlyForDeploymentPostprocessing = 0;
		};
		279510501E3019990095AA8D /* Frameworks */ = {
			isa = PBXFrameworksBuildPhase;
			buildActionMask = 2147483647;
			files = (
			);
			runOnlyForDeploymentPostprocessing = 0;
		};
		279510671E301AA60095AA8D /* Frameworks */ = {
			isa = PBXFrameworksBuildPhase;
			buildActionMask = 2147483647;
			files = (
			);
			runOnlyForDeploymentPostprocessing = 0;
		};
		279510921E301C810095AA8D /* Frameworks */ = {
			isa = PBXFrameworksBuildPhase;
			buildActionMask = 2147483647;
			files = (
			);
			runOnlyForDeploymentPostprocessing = 0;
		};
		27CD015B21CB36FC0030FBB3 /* Frameworks */ = {
			isa = PBXFrameworksBuildPhase;
			buildActionMask = 2147483647;
			files = (
				27CD016121CB36FC0030FBB3 /* Cocoa.framework in Frameworks */,
			);
			runOnlyForDeploymentPostprocessing = 0;
		};
/* End PBXFrameworksBuildPhase section */

/* Begin PBXGroup section */
		2722EDBA1E3081B00073E1D7 /* ​Services */ = {
			isa = PBXGroup;
			children = (
				2722EDBB1E3081B00073E1D7 /* Create Clean Archive.workflow */,
				2722EDBC1E3081B00073E1D7 /* Create Symbolic Link.workflow */,
				2722EDBD1E3081B00073E1D7 /* Hide Extensions.workflow */,
				2722EDBE1E3081B00073E1D7 /* Make Names Web-Friendly.workflow */,
				2722EDBF1E3081B00073E1D7 /* Save for Web.workflow */,
			);
			path = "​Services";
			sourceTree = "<group>";
		};
		2727C6E921D5B597008E99D9 /* JUNAboutWindow */ = {
			isa = PBXGroup;
			children = (
				2727C6EE21D5B597008E99D9 /* JUNCustomAboutViewController.swift */,
				2727C6EB21D5B597008E99D9 /* JUNAboutWindowController.swift */,
				2727C6EC21D5B597008E99D9 /* JUNAboutViewController.swift */,
				2727C6ED21D5B597008E99D9 /* JUNLinkTextView.swift */,
				2727C6EA21D5B597008E99D9 /* JUNVersionButton.swift */,
			);
			path = JUNAboutWindow;
			sourceTree = "<group>";
		};
		279510051E30137B0095AA8D = {
			isa = PBXGroup;
			children = (
				279510101E30137B0095AA8D /* Junecloud Toolbox */,
				279510261E3013B50095AA8D /* Create Clean Archive */,
				2795103E1E3016410095AA8D /* Create Symbolic Link */,
				279510551E3019990095AA8D /* Hide or Show Extensions */,
				2795106C1E301AA60095AA8D /* Make Names Web-Friendly */,
				279510971E301C810095AA8D /* Save for Web */,
				27CD016221CB36FC0030FBB3 /* Copy Short Link */,
				27CD015F21CB36FC0030FBB3 /* Frameworks */,
				2795100F1E30137B0095AA8D /* Products */,
			);
			sourceTree = "<group>";
		};
		2795100F1E30137B0095AA8D /* Products */ = {
			isa = PBXGroup;
			children = (
				2795100E1E30137B0095AA8D /* Junecloud Toolbox.app */,
				279510251E3013B50095AA8D /* Create Clean Archive.action */,
				2795103D1E3016410095AA8D /* Create Symbolic Link.action */,
				279510541E3019990095AA8D /* Hide or Show Extensions.action */,
				2795106B1E301AA60095AA8D /* Make Names Web-Friendly.action */,
				279510961E301C810095AA8D /* Save for Web.action */,
				27CD015E21CB36FC0030FBB3 /* Copy Short Link.appex */,
			);
			name = Products;
			sourceTree = "<group>";
		};
		279510101E30137B0095AA8D /* Junecloud Toolbox */ = {
			isa = PBXGroup;
			children = (
				279510111E30137B0095AA8D /* AppDelegate.swift */,
				27CD015021CAF6760030FBB3 /* WindowController.swift */,
				279510131E30137B0095AA8D /* AutomatorViewController.swift */,
				27CD017F21CB7D2F0030FBB3 /* SafariViewController.swift */,
				27E587F71FE1F056009771EE /* Data+SHA1.swift */,
				2786EC891FE1C9BD002D4678 /* URL+Utilities.swift */,
				279510151E30137B0095AA8D /* Assets.xcassets */,
				279510171E30137B0095AA8D /* Main.storyboard */,
				2727C6F421D5B5BE008E99D9 /* About.storyboard */,
				2727C6FB21D5B827008E99D9 /* Credits.html */,
				2795101A1E30137B0095AA8D /* Info.plist */,
				279510A81E3033920095AA8D /* Junecloud Toolbox.entitlements */,
				27E587F61FE1EFBB009771EE /* Bridging-Header.h */,
				2727C6E921D5B597008E99D9 /* JUNAboutWindow */,
				2722EDBA1E3081B00073E1D7 /* ​Services */,
			);
			path = "Junecloud Toolbox";
			sourceTree = "<group>";
		};
		279510261E3013B50095AA8D /* Create Clean Archive */ = {
			isa = PBXGroup;
			children = (
				279510271E3013B50095AA8D /* Create_Clean_Archive.h */,
				279510281E3013B50095AA8D /* Create_Clean_Archive.m */,
				2795102A1E3013B50095AA8D /* main.xib */,
				2795102D1E3013B50095AA8D /* Info.plist */,
				2795102E1E3013B50095AA8D /* InfoPlist.strings */,
			);
			path = "Create Clean Archive";
			sourceTree = "<group>";
		};
		2795103E1E3016410095AA8D /* Create Symbolic Link */ = {
			isa = PBXGroup;
			children = (
				2795103F1E3016410095AA8D /* Create_Symbolic_Link.h */,
				279510401E3016410095AA8D /* Create_Symbolic_Link.m */,
				279510421E3016410095AA8D /* main.xib */,
				279510451E3016410095AA8D /* Info.plist */,
				279510461E3016410095AA8D /* InfoPlist.strings */,
			);
			path = "Create Symbolic Link";
			sourceTree = "<group>";
		};
		279510551E3019990095AA8D /* Hide or Show Extensions */ = {
			isa = PBXGroup;
			children = (
				279510561E3019990095AA8D /* Hide_or_Show_Extensions.h */,
				279510571E3019990095AA8D /* Hide_or_Show_Extensions.m */,
				279510591E3019990095AA8D /* main.xib */,
				2795105C1E3019990095AA8D /* Info.plist */,
				2795105D1E3019990095AA8D /* InfoPlist.strings */,
			);
			path = "Hide or Show Extensions";
			sourceTree = "<group>";
		};
		2795106C1E301AA60095AA8D /* Make Names Web-Friendly */ = {
			isa = PBXGroup;
			children = (
				2795106D1E301AA60095AA8D /* Make_Names_Web_Friendly.h */,
				2795106E1E301AA60095AA8D /* Make_Names_Web_Friendly.m */,
				279510701E301AA60095AA8D /* main.xib */,
				279510731E301AA60095AA8D /* Info.plist */,
				279510741E301AA60095AA8D /* InfoPlist.strings */,
			);
			path = "Make Names Web-Friendly";
			sourceTree = "<group>";
		};
		279510971E301C810095AA8D /* Save for Web */ = {
			isa = PBXGroup;
			children = (
				279510981E301C810095AA8D /* Save_for_Web.h */,
				279510991E301C810095AA8D /* Save_for_Web.m */,
				2795109B1E301C810095AA8D /* main.xib */,
				2795109E1E301C810095AA8D /* Info.plist */,
				2795109F1E301C810095AA8D /* InfoPlist.strings */,
			);
			path = "Save for Web";
			sourceTree = "<group>";
		};
		27CD015F21CB36FC0030FBB3 /* Frameworks */ = {
			isa = PBXGroup;
			children = (
				27CD016021CB36FC0030FBB3 /* Cocoa.framework */,
			);
			name = Frameworks;
			sourceTree = "<group>";
		};
		27CD016221CB36FC0030FBB3 /* Copy Short Link */ = {
			isa = PBXGroup;
			children = (
				27CD016321CB36FC0030FBB3 /* SafariExtensionHandler.swift */,
				27CD016A21CB36FC0030FBB3 /* Info.plist */,
				27CD017721CB4BD60030FBB3 /* CopyShortLink.css */,
				27CD016B21CB36FC0030FBB3 /* CopyShortLink.js */,
				27CD017921CB67110030FBB3 /* CopyShortLink.pdf */,
				27CD016F21CB36FC0030FBB3 /* CopyShortLink.entitlements */,
			);
			path = "Copy Short Link";
			sourceTree = "<group>";
		};
/* End PBXGroup section */

/* Begin PBXNativeTarget section */
		2795100D1E30137B0095AA8D /* Junecloud Toolbox */ = {
			isa = PBXNativeTarget;
			buildConfigurationList = 2795101D1E30137B0095AA8D /* Build configuration list for PBXNativeTarget "Junecloud Toolbox" */;
			buildPhases = (
				2795100A1E30137B0095AA8D /* Sources */,
				2795100B1E30137B0095AA8D /* Frameworks */,
				2795100C1E30137B0095AA8D /* Resources */,
				279510361E30154F0095AA8D /* Embed Automator Actions */,
				27CD017621CB36FC0030FBB3 /* Embed App Extensions */,
			);
			buildRules = (
			);
			dependencies = (
				279510A61E3033420095AA8D /* PBXTargetDependency */,
				2795107B1E301B510095AA8D /* PBXTargetDependency */,
				279510641E301A5D0095AA8D /* PBXTargetDependency */,
				2795104D1E3016FF0095AA8D /* PBXTargetDependency */,
				279510351E3014B90095AA8D /* PBXTargetDependency */,
				27CD017121CB36FC0030FBB3 /* PBXTargetDependency */,
			);
			name = "Junecloud Toolbox";
			productName = "Junecloud Toolbox";
			productReference = 2795100E1E30137B0095AA8D /* Junecloud Toolbox.app */;
			productType = "com.apple.product-type.application";
		};
		279510241E3013B50095AA8D /* Create Clean Archive */ = {
			isa = PBXNativeTarget;
			buildConfigurationList = 279510311E3013B50095AA8D /* Build configuration list for PBXNativeTarget "Create Clean Archive" */;
			buildPhases = (
				279510201E3013B50095AA8D /* Sources */,
				279510211E3013B50095AA8D /* Frameworks */,
				279510221E3013B50095AA8D /* Resources */,
				279510231E3013B50095AA8D /* ShellScript */,
			);
			buildRules = (
			);
			dependencies = (
			);
			name = "Create Clean Archive";
			productName = "Create Clean Archive";
			productReference = 279510251E3013B50095AA8D /* Create Clean Archive.action */;
			productType = "com.apple.product-type.bundle";
		};
		2795103C1E3016410095AA8D /* Create Symbolic Link */ = {
			isa = PBXNativeTarget;
			buildConfigurationList = 279510491E3016410095AA8D /* Build configuration list for PBXNativeTarget "Create Symbolic Link" */;
			buildPhases = (
				279510381E3016410095AA8D /* Sources */,
				279510391E3016410095AA8D /* Frameworks */,
				2795103A1E3016410095AA8D /* Resources */,
				2795103B1E3016410095AA8D /* ShellScript */,
			);
			buildRules = (
			);
			dependencies = (
			);
			name = "Create Symbolic Link";
			productName = "Create Symbolic Link";
			productReference = 2795103D1E3016410095AA8D /* Create Symbolic Link.action */;
			productType = "com.apple.product-type.bundle";
		};
		279510531E3019990095AA8D /* Hide or Show Extensions */ = {
			isa = PBXNativeTarget;
			buildConfigurationList = 279510601E3019990095AA8D /* Build configuration list for PBXNativeTarget "Hide or Show Extensions" */;
			buildPhases = (
				2795104F1E3019990095AA8D /* Sources */,
				279510501E3019990095AA8D /* Frameworks */,
				279510511E3019990095AA8D /* Resources */,
				279510521E3019990095AA8D /* ShellScript */,
			);
			buildRules = (
			);
			dependencies = (
			);
			name = "Hide or Show Extensions";
			productName = "Hide or Show Extensions";
			productReference = 279510541E3019990095AA8D /* Hide or Show Extensions.action */;
			productType = "com.apple.product-type.bundle";
		};
		2795106A1E301AA60095AA8D /* Make Names Web-Friendly */ = {
			isa = PBXNativeTarget;
			buildConfigurationList = 279510771E301AA60095AA8D /* Build configuration list for PBXNativeTarget "Make Names Web-Friendly" */;
			buildPhases = (
				279510661E301AA60095AA8D /* Sources */,
				279510671E301AA60095AA8D /* Frameworks */,
				279510681E301AA60095AA8D /* Resources */,
				279510691E301AA60095AA8D /* ShellScript */,
			);
			buildRules = (
			);
			dependencies = (
			);
			name = "Make Names Web-Friendly";
			productName = "Make Names Web-Friendly";
			productReference = 2795106B1E301AA60095AA8D /* Make Names Web-Friendly.action */;
			productType = "com.apple.product-type.bundle";
		};
		279510951E301C810095AA8D /* Save for Web */ = {
			isa = PBXNativeTarget;
			buildConfigurationList = 279510A21E301C810095AA8D /* Build configuration list for PBXNativeTarget "Save for Web" */;
			buildPhases = (
				279510911E301C810095AA8D /* Sources */,
				279510921E301C810095AA8D /* Frameworks */,
				279510931E301C810095AA8D /* Resources */,
				279510941E301C810095AA8D /* ShellScript */,
			);
			buildRules = (
			);
			dependencies = (
			);
			name = "Save for Web";
			productName = "Save for Web";
			productReference = 279510961E301C810095AA8D /* Save for Web.action */;
			productType = "com.apple.product-type.bundle";
		};
		27CD015D21CB36FC0030FBB3 /* Copy Short Link */ = {
			isa = PBXNativeTarget;
			buildConfigurationList = 27CD017521CB36FC0030FBB3 /* Build configuration list for PBXNativeTarget "Copy Short Link" */;
			buildPhases = (
				27CD015A21CB36FC0030FBB3 /* Sources */,
				27CD015B21CB36FC0030FBB3 /* Frameworks */,
				27CD015C21CB36FC0030FBB3 /* Resources */,
			);
			buildRules = (
			);
			dependencies = (
			);
			name = "Copy Short Link";
			productName = "Copy Short Link";
			productReference = 27CD015E21CB36FC0030FBB3 /* Copy Short Link.appex */;
			productType = "com.apple.product-type.app-extension";
		};
/* End PBXNativeTarget section */

/* Begin PBXProject section */
		279510061E30137B0095AA8D /* Project object */ = {
			isa = PBXProject;
			attributes = {
				LastSwiftUpdateCheck = 1010;
				LastUpgradeCheck = 1020;
				ORGANIZATIONNAME = "Junecloud LLC";
				TargetAttributes = {
					2795100D1E30137B0095AA8D = {
						CreatedOnToolsVersion = 8.2.1;
						DevelopmentTeam = PB4R74AA4J;
						LastSwiftMigration = 1020;
						ProvisioningStyle = Automatic;
						SystemCapabilities = {
							com.apple.HardenedRuntime = {
								enabled = 1;
							};
							com.apple.Sandbox = {
								enabled = 1;
							};
						};
					};
					279510241E3013B50095AA8D = {
						CreatedOnToolsVersion = 8.2.1;
						DevelopmentTeam = PB4R74AA4J;
						ProvisioningStyle = Automatic;
					};
					2795103C1E3016410095AA8D = {
						CreatedOnToolsVersion = 8.2.1;
						DevelopmentTeam = PB4R74AA4J;
						ProvisioningStyle = Automatic;
					};
					279510531E3019990095AA8D = {
						CreatedOnToolsVersion = 8.2.1;
						DevelopmentTeam = PB4R74AA4J;
						ProvisioningStyle = Automatic;
					};
					2795106A1E301AA60095AA8D = {
						CreatedOnToolsVersion = 8.2.1;
						DevelopmentTeam = PB4R74AA4J;
						ProvisioningStyle = Automatic;
					};
					279510951E301C810095AA8D = {
						CreatedOnToolsVersion = 8.2.1;
						DevelopmentTeam = PB4R74AA4J;
						ProvisioningStyle = Automatic;
					};
					27CD015D21CB36FC0030FBB3 = {
						CreatedOnToolsVersion = 10.1;
						DevelopmentTeam = PB4R74AA4J;
						LastSwiftMigration = 1020;
						ProvisioningStyle = Automatic;
						SystemCapabilities = {
							com.apple.HardenedRuntime = {
								enabled = 1;
							};
						};
					};
				};
			};
			buildConfigurationList = 279510091E30137B0095AA8D /* Build configuration list for PBXProject "Junecloud Toolbox" */;
			compatibilityVersion = "Xcode 3.2";
			developmentRegion = en;
			hasScannedForEncodings = 0;
			knownRegions = (
				en,
				Base,
			);
			mainGroup = 279510051E30137B0095AA8D;
			productRefGroup = 2795100F1E30137B0095AA8D /* Products */;
			projectDirPath = "";
			projectRoot = "";
			targets = (
				2795100D1E30137B0095AA8D /* Junecloud Toolbox */,
				279510241E3013B50095AA8D /* Create Clean Archive */,
				2795103C1E3016410095AA8D /* Create Symbolic Link */,
				279510531E3019990095AA8D /* Hide or Show Extensions */,
				2795106A1E301AA60095AA8D /* Make Names Web-Friendly */,
				279510951E301C810095AA8D /* Save for Web */,
				27CD015D21CB36FC0030FBB3 /* Copy Short Link */,
			);
		};
/* End PBXProject section */

/* Begin PBXResourcesBuildPhase section */
		2795100C1E30137B0095AA8D /* Resources */ = {
			isa = PBXResourcesBuildPhase;
			buildActionMask = 2147483647;
			files = (
				279510161E30137B0095AA8D /* Assets.xcassets in Resources */,
				2722EDC01E3081B00073E1D7 /* Create Clean Archive.workflow in Resources */,
				2727C6F621D5B5BE008E99D9 /* About.storyboard in Resources */,
				2722EDC31E3081B00073E1D7 /* Make Names Web-Friendly.workflow in Resources */,
				2727C6FD21D5B827008E99D9 /* Credits.html in Resources */,
				2722EDC11E3081B00073E1D7 /* Create Symbolic Link.workflow in Resources */,
				279510191E30137B0095AA8D /* Main.storyboard in Resources */,
				2722EDC41E3081B00073E1D7 /* Save for Web.workflow in Resources */,
				2722EDC21E3081B00073E1D7 /* Hide Extensions.workflow in Resources */,
			);
			runOnlyForDeploymentPostprocessing = 0;
		};
		279510221E3013B50095AA8D /* Resources */ = {
			isa = PBXResourcesBuildPhase;
			buildActionMask = 2147483647;
			files = (
				2795102C1E3013B50095AA8D /* main.xib in Resources */,
				279510301E3013B50095AA8D /* InfoPlist.strings in Resources */,
			);
			runOnlyForDeploymentPostprocessing = 0;
		};
		2795103A1E3016410095AA8D /* Resources */ = {
			isa = PBXResourcesBuildPhase;
			buildActionMask = 2147483647;
			files = (
				279510441E3016410095AA8D /* main.xib in Resources */,
				279510481E3016410095AA8D /* InfoPlist.strings in Resources */,
			);
			runOnlyForDeploymentPostprocessing = 0;
		};
		279510511E3019990095AA8D /* Resources */ = {
			isa = PBXResourcesBuildPhase;
			buildActionMask = 2147483647;
			files = (
				2795105B1E3019990095AA8D /* main.xib in Resources */,
				2795105F1E3019990095AA8D /* InfoPlist.strings in Resources */,
			);
			runOnlyForDeploymentPostprocessing = 0;
		};
		279510681E301AA60095AA8D /* Resources */ = {
			isa = PBXResourcesBuildPhase;
			buildActionMask = 2147483647;
			files = (
				279510721E301AA60095AA8D /* main.xib in Resources */,
				279510761E301AA60095AA8D /* InfoPlist.strings in Resources */,
			);
			runOnlyForDeploymentPostprocessing = 0;
		};
		279510931E301C810095AA8D /* Resources */ = {
			isa = PBXResourcesBuildPhase;
			buildActionMask = 2147483647;
			files = (
				2795109D1E301C810095AA8D /* main.xib in Resources */,
				279510A11E301C810095AA8D /* InfoPlist.strings in Resources */,
			);
			runOnlyForDeploymentPostprocessing = 0;
		};
		27CD015C21CB36FC0030FBB3 /* Resources */ = {
			isa = PBXResourcesBuildPhase;
			buildActionMask = 2147483647;
			files = (
				27CD017821CB4BD60030FBB3 /* CopyShortLink.css in Resources */,
				27CD017A21CB67110030FBB3 /* CopyShortLink.pdf in Resources */,
				27CD016C21CB36FC0030FBB3 /* CopyShortLink.js in Resources */,
			);
			runOnlyForDeploymentPostprocessing = 0;
		};
/* End PBXResourcesBuildPhase section */

/* Begin PBXShellScriptBuildPhase section */
		279510231E3013B50095AA8D /* ShellScript */ = {
			isa = PBXShellScriptBuildPhase;
			buildActionMask = 2147483647;
			files = (
			);
			inputPaths = (
			);
			outputPaths = (
			);
			runOnlyForDeploymentPostprocessing = 0;
			shellPath = /bin/sh;
			shellScript = "amlint \"${BUILT_PRODUCTS_DIR}/${FULL_PRODUCT_NAME}\"";
		};
		2795103B1E3016410095AA8D /* ShellScript */ = {
			isa = PBXShellScriptBuildPhase;
			buildActionMask = 2147483647;
			files = (
			);
			inputPaths = (
			);
			outputPaths = (
			);
			runOnlyForDeploymentPostprocessing = 0;
			shellPath = /bin/sh;
			shellScript = "amlint \"${BUILT_PRODUCTS_DIR}/${FULL_PRODUCT_NAME}\"";
		};
		279510521E3019990095AA8D /* ShellScript */ = {
			isa = PBXShellScriptBuildPhase;
			buildActionMask = 2147483647;
			files = (
			);
			inputPaths = (
			);
			outputPaths = (
			);
			runOnlyForDeploymentPostprocessing = 0;
			shellPath = /bin/sh;
			shellScript = "amlint \"${BUILT_PRODUCTS_DIR}/${FULL_PRODUCT_NAME}\"";
		};
		279510691E301AA60095AA8D /* ShellScript */ = {
			isa = PBXShellScriptBuildPhase;
			buildActionMask = 2147483647;
			files = (
			);
			inputPaths = (
			);
			outputPaths = (
			);
			runOnlyForDeploymentPostprocessing = 0;
			shellPath = /bin/sh;
			shellScript = "amlint \"${BUILT_PRODUCTS_DIR}/${FULL_PRODUCT_NAME}\"";
		};
		279510941E301C810095AA8D /* ShellScript */ = {
			isa = PBXShellScriptBuildPhase;
			buildActionMask = 2147483647;
			files = (
			);
			inputPaths = (
			);
			outputPaths = (
			);
			runOnlyForDeploymentPostprocessing = 0;
			shellPath = /bin/sh;
			shellScript = "amlint \"${BUILT_PRODUCTS_DIR}/${FULL_PRODUCT_NAME}\"";
		};
/* End PBXShellScriptBuildPhase section */

/* Begin PBXSourcesBuildPhase section */
		2795100A1E30137B0095AA8D /* Sources */ = {
			isa = PBXSourcesBuildPhase;
			buildActionMask = 2147483647;
			files = (
				2727C6EF21D5B597008E99D9 /* JUNVersionButton.swift in Sources */,
				2727C6F321D5B597008E99D9 /* JUNCustomAboutViewController.swift in Sources */,
				279510141E30137B0095AA8D /* AutomatorViewController.swift in Sources */,
				27CD015121CAF6760030FBB3 /* WindowController.swift in Sources */,
				2786EC8A1FE1C9BD002D4678 /* URL+Utilities.swift in Sources */,
				2727C6F121D5B597008E99D9 /* JUNAboutViewController.swift in Sources */,
				279510121E30137B0095AA8D /* AppDelegate.swift in Sources */,
				2727C6F021D5B597008E99D9 /* JUNAboutWindowController.swift in Sources */,
				2727C6F221D5B597008E99D9 /* JUNLinkTextView.swift in Sources */,
				27CD018021CB7D2F0030FBB3 /* SafariViewController.swift in Sources */,
				27E587F81FE1F056009771EE /* Data+SHA1.swift in Sources */,
			);
			runOnlyForDeploymentPostprocessing = 0;
		};
		279510201E3013B50095AA8D /* Sources */ = {
			isa = PBXSourcesBuildPhase;
			buildActionMask = 2147483647;
			files = (
				279510291E3013B50095AA8D /* Create_Clean_Archive.m in Sources */,
			);
			runOnlyForDeploymentPostprocessing = 0;
		};
		279510381E3016410095AA8D /* Sources */ = {
			isa = PBXSourcesBuildPhase;
			buildActionMask = 2147483647;
			files = (
				279510411E3016410095AA8D /* Create_Symbolic_Link.m in Sources */,
			);
			runOnlyForDeploymentPostprocessing = 0;
		};
		2795104F1E3019990095AA8D /* Sources */ = {
			isa = PBXSourcesBuildPhase;
			buildActionMask = 2147483647;
			files = (
				279510581E3019990095AA8D /* Hide_or_Show_Extensions.m in Sources */,
			);
			runOnlyForDeploymentPostprocessing = 0;
		};
		279510661E301AA60095AA8D /* Sources */ = {
			isa = PBXSourcesBuildPhase;
			buildActionMask = 2147483647;
			files = (
				2795106F1E301AA60095AA8D /* Make_Names_Web_Friendly.m in Sources */,
			);
			runOnlyForDeploymentPostprocessing = 0;
		};
		279510911E301C810095AA8D /* Sources */ = {
			isa = PBXSourcesBuildPhase;
			buildActionMask = 2147483647;
			files = (
				2795109A1E301C810095AA8D /* Save_for_Web.m in Sources */,
			);
			runOnlyForDeploymentPostprocessing = 0;
		};
		27CD015A21CB36FC0030FBB3 /* Sources */ = {
			isa = PBXSourcesBuildPhase;
			buildActionMask = 2147483647;
			files = (
				27CD016421CB36FC0030FBB3 /* SafariExtensionHandler.swift in Sources */,
			);
			runOnlyForDeploymentPostprocessing = 0;
		};
/* End PBXSourcesBuildPhase section */

/* Begin PBXTargetDependency section */
		279510351E3014B90095AA8D /* PBXTargetDependency */ = {
			isa = PBXTargetDependency;
			target = 279510241E3013B50095AA8D /* Create Clean Archive */;
			targetProxy = 279510341E3014B90095AA8D /* PBXContainerItemProxy */;
		};
		2795104D1E3016FF0095AA8D /* PBXTargetDependency */ = {
			isa = PBXTargetDependency;
			target = 2795103C1E3016410095AA8D /* Create Symbolic Link */;
			targetProxy = 2795104C1E3016FF0095AA8D /* PBXContainerItemProxy */;
		};
		279510641E301A5D0095AA8D /* PBXTargetDependency */ = {
			isa = PBXTargetDependency;
			target = 279510531E3019990095AA8D /* Hide or Show Extensions */;
			targetProxy = 279510631E301A5D0095AA8D /* PBXContainerItemProxy */;
		};
		2795107B1E301B510095AA8D /* PBXTargetDependency */ = {
			isa = PBXTargetDependency;
			target = 2795106A1E301AA60095AA8D /* Make Names Web-Friendly */;
			targetProxy = 2795107A1E301B510095AA8D /* PBXContainerItemProxy */;
		};
		279510A61E3033420095AA8D /* PBXTargetDependency */ = {
			isa = PBXTargetDependency;
			target = 279510951E301C810095AA8D /* Save for Web */;
			targetProxy = 279510A51E3033420095AA8D /* PBXContainerItemProxy */;
		};
		27CD017121CB36FC0030FBB3 /* PBXTargetDependency */ = {
			isa = PBXTargetDependency;
			target = 27CD015D21CB36FC0030FBB3 /* Copy Short Link */;
			targetProxy = 27CD017021CB36FC0030FBB3 /* PBXContainerItemProxy */;
		};
/* End PBXTargetDependency section */

/* Begin PBXVariantGroup section */
		2727C6F421D5B5BE008E99D9 /* About.storyboard */ = {
			isa = PBXVariantGroup;
			children = (
				2727C6F521D5B5BE008E99D9 /* Base */,
			);
			name = About.storyboard;
			sourceTree = "<group>";
		};
		2727C6FB21D5B827008E99D9 /* Credits.html */ = {
			isa = PBXVariantGroup;
			children = (
				2727C6FC21D5B827008E99D9 /* Base */,
			);
			name = Credits.html;
			sourceTree = "<group>";
		};
		279510171E30137B0095AA8D /* Main.storyboard */ = {
			isa = PBXVariantGroup;
			children = (
				279510181E30137B0095AA8D /* Base */,
			);
			name = Main.storyboard;
			sourceTree = "<group>";
		};
		2795102A1E3013B50095AA8D /* main.xib */ = {
			isa = PBXVariantGroup;
			children = (
				2795102B1E3013B50095AA8D /* Base */,
			);
			name = main.xib;
			sourceTree = "<group>";
		};
		2795102E1E3013B50095AA8D /* InfoPlist.strings */ = {
			isa = PBXVariantGroup;
			children = (
				2795102F1E3013B50095AA8D /* en */,
			);
			name = InfoPlist.strings;
			sourceTree = "<group>";
		};
		279510421E3016410095AA8D /* main.xib */ = {
			isa = PBXVariantGroup;
			children = (
				279510431E3016410095AA8D /* Base */,
			);
			name = main.xib;
			sourceTree = "<group>";
		};
		279510461E3016410095AA8D /* InfoPlist.strings */ = {
			isa = PBXVariantGroup;
			children = (
				279510471E3016410095AA8D /* en */,
			);
			name = InfoPlist.strings;
			sourceTree = "<group>";
		};
		279510591E3019990095AA8D /* main.xib */ = {
			isa = PBXVariantGroup;
			children = (
				2795105A1E3019990095AA8D /* Base */,
			);
			name = main.xib;
			sourceTree = "<group>";
		};
		2795105D1E3019990095AA8D /* InfoPlist.strings */ = {
			isa = PBXVariantGroup;
			children = (
				2795105E1E3019990095AA8D /* en */,
			);
			name = InfoPlist.strings;
			sourceTree = "<group>";
		};
		279510701E301AA60095AA8D /* main.xib */ = {
			isa = PBXVariantGroup;
			children = (
				279510711E301AA60095AA8D /* Base */,
			);
			name = main.xib;
			sourceTree = "<group>";
		};
		279510741E301AA60095AA8D /* InfoPlist.strings */ = {
			isa = PBXVariantGroup;
			children = (
				279510751E301AA60095AA8D /* en */,
			);
			name = InfoPlist.strings;
			sourceTree = "<group>";
		};
		2795109B1E301C810095AA8D /* main.xib */ = {
			isa = PBXVariantGroup;
			children = (
				2795109C1E301C810095AA8D /* Base */,
			);
			name = main.xib;
			sourceTree = "<group>";
		};
		2795109F1E301C810095AA8D /* InfoPlist.strings */ = {
			isa = PBXVariantGroup;
			children = (
				279510A01E301C810095AA8D /* en */,
			);
			name = InfoPlist.strings;
			sourceTree = "<group>";
		};
/* End PBXVariantGroup section */

/* Begin XCBuildConfiguration section */
		2795101B1E30137B0095AA8D /* Debug */ = {
			isa = XCBuildConfiguration;
			buildSettings = {
				ALWAYS_SEARCH_USER_PATHS = NO;
				CLANG_ANALYZER_NONNULL = YES;
				CLANG_CXX_LANGUAGE_STANDARD = "gnu++0x";
				CLANG_CXX_LIBRARY = "libc++";
				CLANG_ENABLE_MODULES = YES;
				CLANG_ENABLE_OBJC_ARC = YES;
				CLANG_WARN_BLOCK_CAPTURE_AUTORELEASING = YES;
				CLANG_WARN_BOOL_CONVERSION = YES;
				CLANG_WARN_COMMA = YES;
				CLANG_WARN_CONSTANT_CONVERSION = YES;
				CLANG_WARN_DEPRECATED_OBJC_IMPLEMENTATIONS = YES;
				CLANG_WARN_DIRECT_OBJC_ISA_USAGE = YES_ERROR;
				CLANG_WARN_DOCUMENTATION_COMMENTS = YES;
				CLANG_WARN_EMPTY_BODY = YES;
				CLANG_WARN_ENUM_CONVERSION = YES;
				CLANG_WARN_INFINITE_RECURSION = YES;
				CLANG_WARN_INT_CONVERSION = YES;
				CLANG_WARN_NON_LITERAL_NULL_CONVERSION = YES;
				CLANG_WARN_OBJC_IMPLICIT_RETAIN_SELF = YES;
				CLANG_WARN_OBJC_LITERAL_CONVERSION = YES;
				CLANG_WARN_OBJC_ROOT_CLASS = YES_ERROR;
				CLANG_WARN_RANGE_LOOP_ANALYSIS = YES;
				CLANG_WARN_STRICT_PROTOTYPES = YES;
				CLANG_WARN_SUSPICIOUS_MOVE = YES;
				CLANG_WARN_UNREACHABLE_CODE = YES;
				CLANG_WARN__DUPLICATE_METHOD_MATCH = YES;
				CODE_SIGN_IDENTITY = "-";
				COPY_PHASE_STRIP = NO;
				CURRENT_PROJECT_VERSION = 20;
				DEBUG_INFORMATION_FORMAT = dwarf;
				ENABLE_STRICT_OBJC_MSGSEND = YES;
				ENABLE_TESTABILITY = YES;
				GCC_C_LANGUAGE_STANDARD = gnu99;
				GCC_DYNAMIC_NO_PIC = NO;
				GCC_NO_COMMON_BLOCKS = YES;
				GCC_OPTIMIZATION_LEVEL = 0;
				GCC_PREPROCESSOR_DEFINITIONS = (
					"DEBUG=1",
					"$(inherited)",
				);
				GCC_WARN_64_TO_32_BIT_CONVERSION = YES;
				GCC_WARN_ABOUT_RETURN_TYPE = YES_ERROR;
				GCC_WARN_UNDECLARED_SELECTOR = YES;
				GCC_WARN_UNINITIALIZED_AUTOS = YES_AGGRESSIVE;
				GCC_WARN_UNUSED_FUNCTION = YES;
				GCC_WARN_UNUSED_VARIABLE = YES;
				MACOSX_DEPLOYMENT_TARGET = 10.12;
				MTL_ENABLE_DEBUG_INFO = YES;
				ONLY_ACTIVE_ARCH = YES;
				SDKROOT = macosx;
				SWIFT_ACTIVE_COMPILATION_CONDITIONS = DEBUG;
				SWIFT_OPTIMIZATION_LEVEL = "-Onone";
				SWIFT_SWIFT3_OBJC_INFERENCE = Off;
				VERSIONING_SYSTEM = "apple-generic";
			};
			name = Debug;
		};
		2795101C1E30137B0095AA8D /* Release */ = {
			isa = XCBuildConfiguration;
			buildSettings = {
				ALWAYS_SEARCH_USER_PATHS = NO;
				CLANG_ANALYZER_NONNULL = YES;
				CLANG_CXX_LANGUAGE_STANDARD = "gnu++0x";
				CLANG_CXX_LIBRARY = "libc++";
				CLANG_ENABLE_MODULES = YES;
				CLANG_ENABLE_OBJC_ARC = YES;
				CLANG_WARN_BLOCK_CAPTURE_AUTORELEASING = YES;
				CLANG_WARN_BOOL_CONVERSION = YES;
				CLANG_WARN_COMMA = YES;
				CLANG_WARN_CONSTANT_CONVERSION = YES;
				CLANG_WARN_DEPRECATED_OBJC_IMPLEMENTATIONS = YES;
				CLANG_WARN_DIRECT_OBJC_ISA_USAGE = YES_ERROR;
				CLANG_WARN_DOCUMENTATION_COMMENTS = YES;
				CLANG_WARN_EMPTY_BODY = YES;
				CLANG_WARN_ENUM_CONVERSION = YES;
				CLANG_WARN_INFINITE_RECURSION = YES;
				CLANG_WARN_INT_CONVERSION = YES;
				CLANG_WARN_NON_LITERAL_NULL_CONVERSION = YES;
				CLANG_WARN_OBJC_IMPLICIT_RETAIN_SELF = YES;
				CLANG_WARN_OBJC_LITERAL_CONVERSION = YES;
				CLANG_WARN_OBJC_ROOT_CLASS = YES_ERROR;
				CLANG_WARN_RANGE_LOOP_ANALYSIS = YES;
				CLANG_WARN_STRICT_PROTOTYPES = YES;
				CLANG_WARN_SUSPICIOUS_MOVE = YES;
				CLANG_WARN_UNREACHABLE_CODE = YES;
				CLANG_WARN__DUPLICATE_METHOD_MATCH = YES;
				CODE_SIGN_IDENTITY = "-";
				COPY_PHASE_STRIP = NO;
				CURRENT_PROJECT_VERSION = 20;
				DEBUG_INFORMATION_FORMAT = "dwarf-with-dsym";
				ENABLE_NS_ASSERTIONS = NO;
				ENABLE_STRICT_OBJC_MSGSEND = YES;
				GCC_C_LANGUAGE_STANDARD = gnu99;
				GCC_NO_COMMON_BLOCKS = YES;
				GCC_WARN_64_TO_32_BIT_CONVERSION = YES;
				GCC_WARN_ABOUT_RETURN_TYPE = YES_ERROR;
				GCC_WARN_UNDECLARED_SELECTOR = YES;
				GCC_WARN_UNINITIALIZED_AUTOS = YES_AGGRESSIVE;
				GCC_WARN_UNUSED_FUNCTION = YES;
				GCC_WARN_UNUSED_VARIABLE = YES;
				MACOSX_DEPLOYMENT_TARGET = 10.12;
				MTL_ENABLE_DEBUG_INFO = NO;
				SDKROOT = macosx;
				SWIFT_OPTIMIZATION_LEVEL = "-Owholemodule";
				SWIFT_SWIFT3_OBJC_INFERENCE = Off;
				VERSIONING_SYSTEM = "apple-generic";
			};
			name = Release;
		};
		2795101E1E30137B0095AA8D /* Debug */ = {
			isa = XCBuildConfiguration;
			buildSettings = {
				ALWAYS_EMBED_SWIFT_STANDARD_LIBRARIES = YES;
				ASSETCATALOG_COMPILER_APPICON_NAME = AppIcon;
				CODE_SIGN_ENTITLEMENTS = "Junecloud Toolbox/Junecloud Toolbox.entitlements";
				CODE_SIGN_IDENTITY = "Mac Developer";
				COMBINE_HIDPI_IMAGES = YES;
				DEVELOPMENT_TEAM = PB4R74AA4J;
				ENABLE_HARDENED_RUNTIME = YES;
				INFOPLIST_FILE = "Junecloud Toolbox/Info.plist";
				LD_RUNPATH_SEARCH_PATHS = "$(inherited) @executable_path/../Frameworks";
				PRODUCT_BUNDLE_IDENTIFIER = com.junecloud.Toolbox;
				PRODUCT_NAME = "$(TARGET_NAME)";
				SWIFT_OBJC_BRIDGING_HEADER = "Junecloud Toolbox/Bridging-Header.h";
				SWIFT_VERSION = 5.0;
			};
			name = Debug;
		};
		2795101F1E30137B0095AA8D /* Release */ = {
			isa = XCBuildConfiguration;
			buildSettings = {
				ALWAYS_EMBED_SWIFT_STANDARD_LIBRARIES = YES;
				ASSETCATALOG_COMPILER_APPICON_NAME = AppIcon;
				CODE_SIGN_ENTITLEMENTS = "Junecloud Toolbox/Junecloud Toolbox.entitlements";
				CODE_SIGN_IDENTITY = "Mac Developer";
				COMBINE_HIDPI_IMAGES = YES;
				DEVELOPMENT_TEAM = PB4R74AA4J;
				ENABLE_HARDENED_RUNTIME = YES;
				INFOPLIST_FILE = "Junecloud Toolbox/Info.plist";
				LD_RUNPATH_SEARCH_PATHS = "$(inherited) @executable_path/../Frameworks";
				PRODUCT_BUNDLE_IDENTIFIER = com.junecloud.Toolbox;
				PRODUCT_NAME = "$(TARGET_NAME)";
				SWIFT_OBJC_BRIDGING_HEADER = "Junecloud Toolbox/Bridging-Header.h";
				SWIFT_VERSION = 5.0;
			};
			name = Release;
		};
		279510321E3013B50095AA8D /* Debug */ = {
			isa = XCBuildConfiguration;
			buildSettings = {
				CODE_SIGN_IDENTITY = "Mac Developer";
				COMBINE_HIDPI_IMAGES = YES;
				DEVELOPMENT_TEAM = PB4R74AA4J;
				INFOPLIST_FILE = "Create Clean Archive/Info.plist";
				INSTALL_PATH = "$(HOME)/Library/Automator";
				OTHER_OSAFLAGS = "-x -t 0 -c 0";
				PRODUCT_BUNDLE_IDENTIFIER = "com.junecloud.Create-Clean-Archive";
				PRODUCT_NAME = "$(TARGET_NAME)";
				SKIP_INSTALL = YES;
				WRAPPER_EXTENSION = action;
			};
			name = Debug;
		};
		279510331E3013B50095AA8D /* Release */ = {
			isa = XCBuildConfiguration;
			buildSettings = {
				CODE_SIGN_IDENTITY = "Mac Developer";
				COMBINE_HIDPI_IMAGES = YES;
				DEVELOPMENT_TEAM = PB4R74AA4J;
				INFOPLIST_FILE = "Create Clean Archive/Info.plist";
				INSTALL_PATH = "$(HOME)/Library/Automator";
				OTHER_OSAFLAGS = "-x -t 0 -c 0";
				PRODUCT_BUNDLE_IDENTIFIER = "com.junecloud.Create-Clean-Archive";
				PRODUCT_NAME = "$(TARGET_NAME)";
				SKIP_INSTALL = YES;
				WRAPPER_EXTENSION = action;
			};
			name = Release;
		};
		2795104A1E3016410095AA8D /* Debug */ = {
			isa = XCBuildConfiguration;
			buildSettings = {
				CODE_SIGN_IDENTITY = "Mac Developer";
				COMBINE_HIDPI_IMAGES = YES;
				DEVELOPMENT_TEAM = PB4R74AA4J;
				INFOPLIST_FILE = "Create Symbolic Link/Info.plist";
				INSTALL_PATH = "$(HOME)/Library/Automator";
				OTHER_OSAFLAGS = "-x -t 0 -c 0";
				PRODUCT_BUNDLE_IDENTIFIER = "com.junecloud.Create-Symbolic-Link";
				PRODUCT_NAME = "$(TARGET_NAME)";
				SKIP_INSTALL = YES;
				WRAPPER_EXTENSION = action;
			};
			name = Debug;
		};
		2795104B1E3016410095AA8D /* Release */ = {
			isa = XCBuildConfiguration;
			buildSettings = {
				CODE_SIGN_IDENTITY = "Mac Developer";
				COMBINE_HIDPI_IMAGES = YES;
				DEVELOPMENT_TEAM = PB4R74AA4J;
				INFOPLIST_FILE = "Create Symbolic Link/Info.plist";
				INSTALL_PATH = "$(HOME)/Library/Automator";
				OTHER_OSAFLAGS = "-x -t 0 -c 0";
				PRODUCT_BUNDLE_IDENTIFIER = "com.junecloud.Create-Symbolic-Link";
				PRODUCT_NAME = "$(TARGET_NAME)";
				SKIP_INSTALL = YES;
				WRAPPER_EXTENSION = action;
			};
			name = Release;
		};
		279510611E3019990095AA8D /* Debug */ = {
			isa = XCBuildConfiguration;
			buildSettings = {
				CODE_SIGN_IDENTITY = "Mac Developer";
				COMBINE_HIDPI_IMAGES = YES;
				DEVELOPMENT_TEAM = PB4R74AA4J;
				INFOPLIST_FILE = "Hide or Show Extensions/Info.plist";
				INSTALL_PATH = "$(HOME)/Library/Automator";
				OTHER_OSAFLAGS = "-x -t 0 -c 0";
				PRODUCT_BUNDLE_IDENTIFIER = "com.junecloud.Hide-or-Show-Extensions";
				PRODUCT_NAME = "$(TARGET_NAME)";
				SKIP_INSTALL = YES;
				WRAPPER_EXTENSION = action;
			};
			name = Debug;
		};
		279510621E3019990095AA8D /* Release */ = {
			isa = XCBuildConfiguration;
			buildSettings = {
				CODE_SIGN_IDENTITY = "Mac Developer";
				COMBINE_HIDPI_IMAGES = YES;
				DEVELOPMENT_TEAM = PB4R74AA4J;
				INFOPLIST_FILE = "Hide or Show Extensions/Info.plist";
				INSTALL_PATH = "$(HOME)/Library/Automator";
				OTHER_OSAFLAGS = "-x -t 0 -c 0";
				PRODUCT_BUNDLE_IDENTIFIER = "com.junecloud.Hide-or-Show-Extensions";
				PRODUCT_NAME = "$(TARGET_NAME)";
				SKIP_INSTALL = YES;
				WRAPPER_EXTENSION = action;
			};
			name = Release;
		};
		279510781E301AA60095AA8D /* Debug */ = {
			isa = XCBuildConfiguration;
			buildSettings = {
				CODE_SIGN_IDENTITY = "Mac Developer";
				COMBINE_HIDPI_IMAGES = YES;
				DEVELOPMENT_TEAM = PB4R74AA4J;
				INFOPLIST_FILE = "Make Names Web-Friendly/Info.plist";
				INSTALL_PATH = "$(HOME)/Library/Automator";
				OTHER_OSAFLAGS = "-x -t 0 -c 0";
				PRODUCT_BUNDLE_IDENTIFIER = "com.junecloud.Make-Names-Web-Friendly";
				PRODUCT_NAME = "$(TARGET_NAME)";
				SKIP_INSTALL = YES;
				WRAPPER_EXTENSION = action;
			};
			name = Debug;
		};
		279510791E301AA60095AA8D /* Release */ = {
			isa = XCBuildConfiguration;
			buildSettings = {
				CODE_SIGN_IDENTITY = "Mac Developer";
				COMBINE_HIDPI_IMAGES = YES;
				DEVELOPMENT_TEAM = PB4R74AA4J;
				INFOPLIST_FILE = "Make Names Web-Friendly/Info.plist";
				INSTALL_PATH = "$(HOME)/Library/Automator";
				OTHER_OSAFLAGS = "-x -t 0 -c 0";
				PRODUCT_BUNDLE_IDENTIFIER = "com.junecloud.Make-Names-Web-Friendly";
				PRODUCT_NAME = "$(TARGET_NAME)";
				SKIP_INSTALL = YES;
				WRAPPER_EXTENSION = action;
			};
			name = Release;
		};
		279510A31E301C810095AA8D /* Debug */ = {
			isa = XCBuildConfiguration;
			buildSettings = {
				CODE_SIGN_IDENTITY = "Mac Developer";
				COMBINE_HIDPI_IMAGES = YES;
				DEVELOPMENT_TEAM = PB4R74AA4J;
				INFOPLIST_FILE = "Save for Web/Info.plist";
				INSTALL_PATH = "$(HOME)/Library/Automator";
				OTHER_OSAFLAGS = "-x -t 0 -c 0";
				PRODUCT_BUNDLE_IDENTIFIER = "com.junecloud.Save-for-Web";
				PRODUCT_NAME = "$(TARGET_NAME)";
				SKIP_INSTALL = YES;
				WRAPPER_EXTENSION = action;
			};
			name = Debug;
		};
		279510A41E301C810095AA8D /* Release */ = {
			isa = XCBuildConfiguration;
			buildSettings = {
				CODE_SIGN_IDENTITY = "Mac Developer";
				COMBINE_HIDPI_IMAGES = YES;
				DEVELOPMENT_TEAM = PB4R74AA4J;
				INFOPLIST_FILE = "Save for Web/Info.plist";
				INSTALL_PATH = "$(HOME)/Library/Automator";
				OTHER_OSAFLAGS = "-x -t 0 -c 0";
				PRODUCT_BUNDLE_IDENTIFIER = "com.junecloud.Save-for-Web";
				PRODUCT_NAME = "$(TARGET_NAME)";
				SKIP_INSTALL = YES;
				WRAPPER_EXTENSION = action;
			};
			name = Release;
		};
		27CD017321CB36FC0030FBB3 /* Debug */ = {
			isa = XCBuildConfiguration;
			buildSettings = {
				CLANG_ANALYZER_NUMBER_OBJECT_CONVERSION = YES_AGGRESSIVE;
				CLANG_CXX_LANGUAGE_STANDARD = "gnu++14";
				CLANG_ENABLE_OBJC_WEAK = YES;
				CLANG_WARN_UNGUARDED_AVAILABILITY = YES_AGGRESSIVE;
				CODE_SIGN_ENTITLEMENTS = "Copy Short Link/CopyShortLink.entitlements";
				CODE_SIGN_IDENTITY = "Mac Developer";
				CODE_SIGN_STYLE = Automatic;
				DEVELOPMENT_TEAM = PB4R74AA4J;
				ENABLE_HARDENED_RUNTIME = YES;
				GCC_C_LANGUAGE_STANDARD = gnu11;
				INFOPLIST_FILE = "Copy Short Link/Info.plist";
				LD_RUNPATH_SEARCH_PATHS = "$(inherited) @executable_path/../Frameworks @executable_path/../../../../Frameworks";
				MACOSX_DEPLOYMENT_TARGET = 10.12;
				MTL_ENABLE_DEBUG_INFO = INCLUDE_SOURCE;
				MTL_FAST_MATH = YES;
				PRODUCT_BUNDLE_IDENTIFIER = com.junecloud.Toolbox.CopyShortLink;
				PRODUCT_NAME = "$(TARGET_NAME)";
				SKIP_INSTALL = YES;
				SWIFT_VERSION = 5.0;
			};
			name = Debug;
		};
		27CD017421CB36FC0030FBB3 /* Release */ = {
			isa = XCBuildConfiguration;
			buildSettings = {
				CLANG_ANALYZER_NUMBER_OBJECT_CONVERSION = YES_AGGRESSIVE;
				CLANG_CXX_LANGUAGE_STANDARD = "gnu++14";
				CLANG_ENABLE_OBJC_WEAK = YES;
				CLANG_WARN_UNGUARDED_AVAILABILITY = YES_AGGRESSIVE;
				CODE_SIGN_ENTITLEMENTS = "Copy Short Link/CopyShortLink.entitlements";
				CODE_SIGN_IDENTITY = "Mac Developer";
				CODE_SIGN_STYLE = Automatic;
				DEVELOPMENT_TEAM = PB4R74AA4J;
				ENABLE_HARDENED_RUNTIME = YES;
				GCC_C_LANGUAGE_STANDARD = gnu11;
				INFOPLIST_FILE = "Copy Short Link/Info.plist";
				LD_RUNPATH_SEARCH_PATHS = "$(inherited) @executable_path/../Frameworks @executable_path/../../../../Frameworks";
				MACOSX_DEPLOYMENT_TARGET = 10.12;
				MTL_FAST_MATH = YES;
				PRODUCT_BUNDLE_IDENTIFIER = com.junecloud.Toolbox.CopyShortLink;
				PRODUCT_NAME = "$(TARGET_NAME)";
				SKIP_INSTALL = YES;
				SWIFT_VERSION = 5.0;
			};
			name = Release;
		};
/* End XCBuildConfiguration section */

/* Begin XCConfigurationList section */
		279510091E30137B0095AA8D /* Build configuration list for PBXProject "Junecloud Toolbox" */ = {
			isa = XCConfigurationList;
			buildConfigurations = (
				2795101B1E30137B0095AA8D /* Debug */,
				2795101C1E30137B0095AA8D /* Release */,
			);
			defaultConfigurationIsVisible = 0;
			defaultConfigurationName = Release;
		};
		2795101D1E30137B0095AA8D /* Build configuration list for PBXNativeTarget "Junecloud Toolbox" */ = {
			isa = XCConfigurationList;
			buildConfigurations = (
				2795101E1E30137B0095AA8D /* Debug */,
				2795101F1E30137B0095AA8D /* Release */,
			);
			defaultConfigurationIsVisible = 0;
			defaultConfigurationName = Release;
		};
		279510311E3013B50095AA8D /* Build configuration list for PBXNativeTarget "Create Clean Archive" */ = {
			isa = XCConfigurationList;
			buildConfigurations = (
				279510321E3013B50095AA8D /* Debug */,
				279510331E3013B50095AA8D /* Release */,
			);
			defaultConfigurationIsVisible = 0;
			defaultConfigurationName = Release;
		};
		279510491E3016410095AA8D /* Build configuration list for PBXNativeTarget "Create Symbolic Link" */ = {
			isa = XCConfigurationList;
			buildConfigurations = (
				2795104A1E3016410095AA8D /* Debug */,
				2795104B1E3016410095AA8D /* Release */,
			);
			defaultConfigurationIsVisible = 0;
			defaultConfigurationName = Release;
		};
		279510601E3019990095AA8D /* Build configuration list for PBXNativeTarget "Hide or Show Extensions" */ = {
			isa = XCConfigurationList;
			buildConfigurations = (
				279510611E3019990095AA8D /* Debug */,
				279510621E3019990095AA8D /* Release */,
			);
			defaultConfigurationIsVisible = 0;
			defaultConfigurationName = Release;
		};
		279510771E301AA60095AA8D /* Build configuration list for PBXNativeTarget "Make Names Web-Friendly" */ = {
			isa = XCConfigurationList;
			buildConfigurations = (
				279510781E301AA60095AA8D /* Debug */,
				279510791E301AA60095AA8D /* Release */,
			);
			defaultConfigurationIsVisible = 0;
			defaultConfigurationName = Release;
		};
		279510A21E301C810095AA8D /* Build configuration list for PBXNativeTarget "Save for Web" */ = {
			isa = XCConfigurationList;
			buildConfigurations = (
				279510A31E301C810095AA8D /* Debug */,
				279510A41E301C810095AA8D /* Release */,
			);
			defaultConfigurationIsVisible = 0;
			defaultConfigurationName = Release;
		};
		27CD017521CB36FC0030FBB3 /* Build configuration list for PBXNativeTarget "Copy Short Link" */ = {
			isa = XCConfigurationList;
			buildConfigurations = (
				27CD017321CB36FC0030FBB3 /* Debug */,
				27CD017421CB36FC0030FBB3 /* Release */,
			);
			defaultConfigurationIsVisible = 0;
			defaultConfigurationName = Release;
		};
/* End XCConfigurationList section */
	};
	rootObject = 279510061E30137B0095AA8D /* Project object */;
}
