// !$*UTF8*$!
{
	archiveVersion = 1;
	classes = {
	};
	objectVersion = 46;
	objects = {

/* Begin PBXBuildFile section */
		271EB8B0165C003D00D2E2CD /* Automator.framework in Frameworks */ = {isa = PBXBuildFile; fileRef = 271EB8AF165C003D00D2E2CD /* Automator.framework */; };
		271EB8B2165C003D00D2E2CD /* Cocoa.framework in Frameworks */ = {isa = PBXBuildFile; fileRef = 271EB8B1165C003D00D2E2CD /* Cocoa.framework */; };
		271EB8BC165C003D00D2E2CD /* InfoPlist.strings in Resources */ = {isa = PBXBuildFile; fileRef = 271EB8BA165C003D00D2E2CD /* InfoPlist.strings */; };
		271EB8BF165C003D00D2E2CD /* Make_Names_Web_Friendly.m in Sources */ = {isa = PBXBuildFile; fileRef = 271EB8BE165C003D00D2E2CD /* Make_Names_Web_Friendly.m */; };
		271EB8C2165C003D00D2E2CD /* main.xib in Resources */ = {isa = PBXBuildFile; fileRef = 271EB8C0165C003D00D2E2CD /* main.xib */; };
		272AA485165DC21B008C740E /* donate-red.png in Resources */ = {isa = PBXBuildFile; fileRef = 272AA47C165DC21B008C740E /* donate-red.png */; };
		272AA486165DC21B008C740E /* donate-red@2x.png in Resources */ = {isa = PBXBuildFile; fileRef = 272AA47D165DC21B008C740E /* donate-red@2x.png */; };
		272AA487165DC21B008C740E /* donate.png in Resources */ = {isa = PBXBuildFile; fileRef = 272AA47E165DC21B008C740E /* donate.png */; };
		272AA488165DC21B008C740E /* donate@2x.png in Resources */ = {isa = PBXBuildFile; fileRef = 272AA47F165DC21B008C740E /* donate@2x.png */; };
		272AA489165DC21B008C740E /* JUNButton.m in Sources */ = {isa = PBXBuildFile; fileRef = 272AA482165DC21B008C740E /* JUNButton.m */; };
		272AA48A165DC21B008C740E /* JUNButtonCell.m in Sources */ = {isa = PBXBuildFile; fileRef = 272AA484165DC21B008C740E /* JUNButtonCell.m */; };
		27B755EC165C7C3300940D4C /* OSAKit.framework in Frameworks */ = {isa = PBXBuildFile; fileRef = 27B755EB165C7C3300940D4C /* OSAKit.framework */; };
/* End PBXBuildFile section */

/* Begin PBXFileReference section */
		271EB8AC165C003D00D2E2CD /* Make Names Web-Friendly.action */ = {isa = PBXFileReference; explicitFileType = wrapper.cfbundle; includeInIndex = 0; path = "Make Names Web-Friendly.action"; sourceTree = BUILT_PRODUCTS_DIR; };
		271EB8AF165C003D00D2E2CD /* Automator.framework */ = {isa = PBXFileReference; lastKnownFileType = wrapper.framework; name = Automator.framework; path = System/Library/Frameworks/Automator.framework; sourceTree = SDKROOT; };
		271EB8B1165C003D00D2E2CD /* Cocoa.framework */ = {isa = PBXFileReference; lastKnownFileType = wrapper.framework; name = Cocoa.framework; path = System/Library/Frameworks/Cocoa.framework; sourceTree = SDKROOT; };
		271EB8B4165C003D00D2E2CD /* AppKit.framework */ = {isa = PBXFileReference; lastKnownFileType = wrapper.framework; name = AppKit.framework; path = System/Library/Frameworks/AppKit.framework; sourceTree = SDKROOT; };
		271EB8B5165C003D00D2E2CD /* CoreData.framework */ = {isa = PBXFileReference; lastKnownFileType = wrapper.framework; name = CoreData.framework; path = System/Library/Frameworks/CoreData.framework; sourceTree = SDKROOT; };
		271EB8B6165C003D00D2E2CD /* Foundation.framework */ = {isa = PBXFileReference; lastKnownFileType = wrapper.framework; name = Foundation.framework; path = System/Library/Frameworks/Foundation.framework; sourceTree = SDKROOT; };
		271EB8B9165C003D00D2E2CD /* Make Names Web-Friendly-Info.plist */ = {isa = PBXFileReference; lastKnownFileType = text.plist.xml; path = "Make Names Web-Friendly-Info.plist"; sourceTree = "<group>"; };
		271EB8BB165C003D00D2E2CD /* en */ = {isa = PBXFileReference; lastKnownFileType = text.plist.strings; name = en; path = en.lproj/InfoPlist.strings; sourceTree = "<group>"; };
		271EB8BD165C003D00D2E2CD /* Make_Names_Web_Friendly.h */ = {isa = PBXFileReference; lastKnownFileType = sourcecode.c.h; path = Make_Names_Web_Friendly.h; sourceTree = "<group>"; };
		271EB8BE165C003D00D2E2CD /* Make_Names_Web_Friendly.m */ = {isa = PBXFileReference; lastKnownFileType = sourcecode.c.objc; path = Make_Names_Web_Friendly.m; sourceTree = "<group>"; };
		271EB8C1165C003D00D2E2CD /* en */ = {isa = PBXFileReference; lastKnownFileType = file.xib; name = en; path = en.lproj/main.xib; sourceTree = "<group>"; };
		271EB8C3165C003D00D2E2CD /* Make Names Web-Friendly-Prefix.pch */ = {isa = PBXFileReference; lastKnownFileType = sourcecode.c.h; path = "Make Names Web-Friendly-Prefix.pch"; sourceTree = "<group>"; };
		272AA47C165DC21B008C740E /* donate-red.png */ = {isa = PBXFileReference; lastKnownFileType = image.png; path = "donate-red.png"; sourceTree = "<group>"; };
		272AA47D165DC21B008C740E /* donate-red@2x.png */ = {isa = PBXFileReference; lastKnownFileType = image.png; path = "donate-red@2x.png"; sourceTree = "<group>"; };
		272AA47E165DC21B008C740E /* donate.png */ = {isa = PBXFileReference; lastKnownFileType = image.png; path = donate.png; sourceTree = "<group>"; };
		272AA47F165DC21B008C740E /* donate@2x.png */ = {isa = PBXFileReference; lastKnownFileType = image.png; path = "donate@2x.png"; sourceTree = "<group>"; };
		272AA481165DC21B008C740E /* JUNButton.h */ = {isa = PBXFileReference; fileEncoding = 4; lastKnownFileType = sourcecode.c.h; path = JUNButton.h; sourceTree = "<group>"; };
		272AA482165DC21B008C740E /* JUNButton.m */ = {isa = PBXFileReference; fileEncoding = 4; lastKnownFileType = sourcecode.c.objc; path = JUNButton.m; sourceTree = "<group>"; };
		272AA483165DC21B008C740E /* JUNButtonCell.h */ = {isa = PBXFileReference; fileEncoding = 4; lastKnownFileType = sourcecode.c.h; path = JUNButtonCell.h; sourceTree = "<group>"; };
		272AA484165DC21B008C740E /* JUNButtonCell.m */ = {isa = PBXFileReference; fileEncoding = 4; lastKnownFileType = sourcecode.c.objc; path = JUNButtonCell.m; sourceTree = "<group>"; };
		27B755EB165C7C3300940D4C /* OSAKit.framework */ = {isa = PBXFileReference; lastKnownFileType = wrapper.framework; name = OSAKit.framework; path = System/Library/Frameworks/OSAKit.framework; sourceTree = SDKROOT; };
/* End PBXFileReference section */

/* Begin PBXFrameworksBuildPhase section */
		271EB8A8165C003D00D2E2CD /* Frameworks */ = {
			isa = PBXFrameworksBuildPhase;
			buildActionMask = 2147483647;
			files = (
				27B755EC165C7C3300940D4C /* OSAKit.framework in Frameworks */,
				271EB8B0165C003D00D2E2CD /* Automator.framework in Frameworks */,
				271EB8B2165C003D00D2E2CD /* Cocoa.framework in Frameworks */,
			);
			runOnlyForDeploymentPostprocessing = 0;
		};
/* End PBXFrameworksBuildPhase section */

/* Begin PBXGroup section */
		271EB8A2165C003D00D2E2CD = {
			isa = PBXGroup;
			children = (
				271EB8B7165C003D00D2E2CD /* Make Names Web-Friendly */,
				271EB8AE165C003D00D2E2CD /* Frameworks */,
				271EB8AD165C003D00D2E2CD /* Products */,
			);
			sourceTree = "<group>";
		};
		271EB8AD165C003D00D2E2CD /* Products */ = {
			isa = PBXGroup;
			children = (
				271EB8AC165C003D00D2E2CD /* Make Names Web-Friendly.action */,
			);
			name = Products;
			sourceTree = "<group>";
		};
		271EB8AE165C003D00D2E2CD /* Frameworks */ = {
			isa = PBXGroup;
			children = (
				271EB8AF165C003D00D2E2CD /* Automator.framework */,
				271EB8B1165C003D00D2E2CD /* Cocoa.framework */,
				27B755EB165C7C3300940D4C /* OSAKit.framework */,
				271EB8B3165C003D00D2E2CD /* Other Frameworks */,
			);
			name = Frameworks;
			sourceTree = "<group>";
		};
		271EB8B3165C003D00D2E2CD /* Other Frameworks */ = {
			isa = PBXGroup;
			children = (
				271EB8B4165C003D00D2E2CD /* AppKit.framework */,
				271EB8B5165C003D00D2E2CD /* CoreData.framework */,
				271EB8B6165C003D00D2E2CD /* Foundation.framework */,
			);
			name = "Other Frameworks";
			sourceTree = "<group>";
		};
		271EB8B7165C003D00D2E2CD /* Make Names Web-Friendly */ = {
			isa = PBXGroup;
			children = (
				271EB8BD165C003D00D2E2CD /* Make_Names_Web_Friendly.h */,
				271EB8BE165C003D00D2E2CD /* Make_Names_Web_Friendly.m */,
				271EB8C0165C003D00D2E2CD /* main.xib */,
				272AA480165DC21B008C740E /* JUNButton */,
				272AA47B165DC21B008C740E /* Images */,
				271EB8B8165C003D00D2E2CD /* Supporting Files */,
			);
			path = "Make Names Web-Friendly";
			sourceTree = "<group>";
		};
		271EB8B8165C003D00D2E2CD /* Supporting Files */ = {
			isa = PBXGroup;
			children = (
				271EB8B9165C003D00D2E2CD /* Make Names Web-Friendly-Info.plist */,
				271EB8BA165C003D00D2E2CD /* InfoPlist.strings */,
				271EB8C3165C003D00D2E2CD /* Make Names Web-Friendly-Prefix.pch */,
			);
			name = "Supporting Files";
			sourceTree = "<group>";
		};
		272AA47B165DC21B008C740E /* Images */ = {
			isa = PBXGroup;
			children = (
				272AA47C165DC21B008C740E /* donate-red.png */,
				272AA47D165DC21B008C740E /* donate-red@2x.png */,
				272AA47E165DC21B008C740E /* donate.png */,
				272AA47F165DC21B008C740E /* donate@2x.png */,
			);
			name = Images;
			path = ../../Shared/Images;
			sourceTree = "<group>";
		};
		272AA480165DC21B008C740E /* JUNButton */ = {
			isa = PBXGroup;
			children = (
				272AA481165DC21B008C740E /* JUNButton.h */,
				272AA482165DC21B008C740E /* JUNButton.m */,
				272AA483165DC21B008C740E /* JUNButtonCell.h */,
				272AA484165DC21B008C740E /* JUNButtonCell.m */,
			);
			name = JUNButton;
			path = ../../Shared/JUNButton;
			sourceTree = "<group>";
		};
/* End PBXGroup section */

/* Begin PBXNativeTarget section */
		271EB8AB165C003D00D2E2CD /* Make Names Web-Friendly */ = {
			isa = PBXNativeTarget;
			buildConfigurationList = 271EB8C6165C003D00D2E2CD /* Build configuration list for PBXNativeTarget "Make Names Web-Friendly" */;
			buildPhases = (
				271EB8A7165C003D00D2E2CD /* Sources */,
				271EB8A8165C003D00D2E2CD /* Frameworks */,
				271EB8A9165C003D00D2E2CD /* Resources */,
				271EB8AA165C003D00D2E2CD /* ShellScript */,
			);
			buildRules = (
			);
			dependencies = (
			);
			name = "Make Names Web-Friendly";
			productName = "Make Names Web-Friendly";
			productReference = 271EB8AC165C003D00D2E2CD /* Make Names Web-Friendly.action */;
			productType = "com.apple.product-type.bundle";
		};
/* End PBXNativeTarget section */

/* Begin PBXProject section */
		271EB8A3165C003D00D2E2CD /* Project object */ = {
			isa = PBXProject;
			attributes = {
				LastUpgradeCheck = 0510;
				ORGANIZATIONNAME = "Junecloud LLC";
			};
			buildConfigurationList = 271EB8A6165C003D00D2E2CD /* Build configuration list for PBXProject "Make Names Web-Friendly" */;
			compatibilityVersion = "Xcode 3.2";
			developmentRegion = English;
			hasScannedForEncodings = 0;
			knownRegions = (
				en,
			);
			mainGroup = 271EB8A2165C003D00D2E2CD;
			productRefGroup = 271EB8AD165C003D00D2E2CD /* Products */;
			projectDirPath = "";
			projectRoot = "";
			targets = (
				271EB8AB165C003D00D2E2CD /* Make Names Web-Friendly */,
			);
		};
/* End PBXProject section */

/* Begin PBXResourcesBuildPhase section */
		271EB8A9165C003D00D2E2CD /* Resources */ = {
			isa = PBXResourcesBuildPhase;
			buildActionMask = 2147483647;
			files = (
				271EB8BC165C003D00D2E2CD /* InfoPlist.strings in Resources */,
				271EB8C2165C003D00D2E2CD /* main.xib in Resources */,
				272AA485165DC21B008C740E /* donate-red.png in Resources */,
				272AA486165DC21B008C740E /* donate-red@2x.png in Resources */,
				272AA487165DC21B008C740E /* donate.png in Resources */,
				272AA488165DC21B008C740E /* donate@2x.png in Resources */,
			);
			runOnlyForDeploymentPostprocessing = 0;
		};
/* End PBXResourcesBuildPhase section */

/* Begin PBXShellScriptBuildPhase section */
		271EB8AA165C003D00D2E2CD /* ShellScript */ = {
			isa = PBXShellScriptBuildPhase;
			buildActionMask = 2147483647;
			files = (
			);
			inputPaths = (
			);
			outputPaths = (
			);
			runOnlyForDeploymentPostprocessing = 0;
			shellPath = /bin/sh;
			shellScript = "amlint \"${BUILT_PRODUCTS_DIR}/${FULL_PRODUCT_NAME}\"\nif [ \"${CONFIGURATION}\" == \"Debug\" ]; then\n    osascript -e \"tell application \\\"Automator\\\" to quit\"\n    rm -rf \"$INSTALL_PATH/${FULL_PRODUCT_NAME}\"\n    mv \"${BUILT_PRODUCTS_DIR}/${FULL_PRODUCT_NAME}\" \"$INSTALL_PATH\"\nfi";
		};
/* End PBXShellScriptBuildPhase section */

/* Begin PBXSourcesBuildPhase section */
		271EB8A7165C003D00D2E2CD /* Sources */ = {
			isa = PBXSourcesBuildPhase;
			buildActionMask = 2147483647;
			files = (
				271EB8BF165C003D00D2E2CD /* Make_Names_Web_Friendly.m in Sources */,
				272AA489165DC21B008C740E /* JUNButton.m in Sources */,
				272AA48A165DC21B008C740E /* JUNButtonCell.m in Sources */,
			);
			runOnlyForDeploymentPostprocessing = 0;
		};
/* End PBXSourcesBuildPhase section */

/* Begin PBXVariantGroup section */
		271EB8BA165C003D00D2E2CD /* InfoPlist.strings */ = {
			isa = PBXVariantGroup;
			children = (
				271EB8BB165C003D00D2E2CD /* en */,
			);
			name = InfoPlist.strings;
			sourceTree = "<group>";
		};
		271EB8C0165C003D00D2E2CD /* main.xib */ = {
			isa = PBXVariantGroup;
			children = (
				271EB8C1165C003D00D2E2CD /* en */,
			);
			name = main.xib;
			sourceTree = "<group>";
		};
/* End PBXVariantGroup section */

/* Begin XCBuildConfiguration section */
		271EB8C4165C003D00D2E2CD /* Debug */ = {
			isa = XCBuildConfiguration;
			buildSettings = {
				ALWAYS_SEARCH_USER_PATHS = NO;
				CLANG_CXX_LANGUAGE_STANDARD = "gnu++0x";
				CLANG_CXX_LIBRARY = "libc++";
				CLANG_WARN_CONSTANT_CONVERSION = YES;
				CLANG_WARN_DEPRECATED_OBJC_IMPLEMENTATIONS = YES;
				CLANG_WARN_EMPTY_BODY = YES;
				CLANG_WARN_INT_CONVERSION = YES;
				CLANG_WARN__DUPLICATE_METHOD_MATCH = YES;
				COPY_PHASE_STRIP = NO;
				GCC_C_LANGUAGE_STANDARD = gnu99;
				GCC_DYNAMIC_NO_PIC = NO;
				GCC_ENABLE_OBJC_EXCEPTIONS = YES;
				GCC_OPTIMIZATION_LEVEL = 0;
				GCC_PREPROCESSOR_DEFINITIONS = (
					"DEBUG=1",
					"$(inherited)",
				);
				GCC_SYMBOLS_PRIVATE_EXTERN = NO;
				GCC_WARN_64_TO_32_BIT_CONVERSION = YES;
				GCC_WARN_ABOUT_RETURN_TYPE = YES;
				GCC_WARN_UNINITIALIZED_AUTOS = YES;
				GCC_WARN_UNUSED_VARIABLE = YES;
				MACOSX_DEPLOYMENT_TARGET = 10.7;
				ONLY_ACTIVE_ARCH = YES;
				SDKROOT = macosx;
			};
			name = Debug;
		};
		271EB8C5165C003D00D2E2CD /* Release */ = {
			isa = XCBuildConfiguration;
			buildSettings = {
				ALWAYS_SEARCH_USER_PATHS = NO;
				CLANG_CXX_LANGUAGE_STANDARD = "gnu++0x";
				CLANG_CXX_LIBRARY = "libc++";
				CLANG_WARN_CONSTANT_CONVERSION = YES;
				CLANG_WARN_DEPRECATED_OBJC_IMPLEMENTATIONS = YES;
				CLANG_WARN_EMPTY_BODY = YES;
				CLANG_WARN_INT_CONVERSION = YES;
				CLANG_WARN__DUPLICATE_METHOD_MATCH = YES;
				CODE_SIGN_IDENTITY = "Developer ID Application";
				COPY_PHASE_STRIP = YES;
				DEBUG_INFORMATION_FORMAT = "dwarf-with-dsym";
				GCC_C_LANGUAGE_STANDARD = gnu99;
				GCC_ENABLE_OBJC_EXCEPTIONS = YES;
				GCC_WARN_64_TO_32_BIT_CONVERSION = YES;
				GCC_WARN_ABOUT_RETURN_TYPE = YES;
				GCC_WARN_UNINITIALIZED_AUTOS = YES;
				GCC_WARN_UNUSED_VARIABLE = YES;
				MACOSX_DEPLOYMENT_TARGET = 10.7;
				SDKROOT = macosx;
			};
			name = Release;
		};
		271EB8C7165C003D00D2E2CD /* Debug */ = {
			isa = XCBuildConfiguration;
			buildSettings = {
				CLANG_ENABLE_OBJC_ARC = YES;
				COMBINE_HIDPI_IMAGES = YES;
				GCC_PRECOMPILE_PREFIX_HEADER = YES;
				GCC_PREFIX_HEADER = "Make Names Web-Friendly/Make Names Web-Friendly-Prefix.pch";
				INFOPLIST_FILE = "Make Names Web-Friendly/Make Names Web-Friendly-Info.plist";
				INSTALL_PATH = "$(HOME)/Library/Automator";
				OTHER_OSAFLAGS = "-x -t 0 -c 0";
				PRODUCT_NAME = "$(TARGET_NAME)";
				WRAPPER_EXTENSION = action;
			};
			name = Debug;
		};
		271EB8C8165C003D00D2E2CD /* Release */ = {
			isa = XCBuildConfiguration;
			buildSettings = {
				CLANG_ENABLE_OBJC_ARC = YES;
				COMBINE_HIDPI_IMAGES = YES;
				GCC_PRECOMPILE_PREFIX_HEADER = YES;
				GCC_PREFIX_HEADER = "Make Names Web-Friendly/Make Names Web-Friendly-Prefix.pch";
				INFOPLIST_FILE = "Make Names Web-Friendly/Make Names Web-Friendly-Info.plist";
				INSTALL_PATH = "$(HOME)/Library/Automator";
				OTHER_OSAFLAGS = "-x -t 0 -c 0";
				PRODUCT_NAME = "$(TARGET_NAME)";
				WRAPPER_EXTENSION = action;
			};
			name = Release;
		};
/* End XCBuildConfiguration section */

/* Begin XCConfigurationList section */
		271EB8A6165C003D00D2E2CD /* Build configuration list for PBXProject "Make Names Web-Friendly" */ = {
			isa = XCConfigurationList;
			buildConfigurations = (
				271EB8C4165C003D00D2E2CD /* Debug */,
				271EB8C5165C003D00D2E2CD /* Release */,
			);
			defaultConfigurationIsVisible = 0;
			defaultConfigurationName = Release;
		};
		271EB8C6165C003D00D2E2CD /* Build configuration list for PBXNativeTarget "Make Names Web-Friendly" */ = {
			isa = XCConfigurationList;
			buildConfigurations = (
				271EB8C7165C003D00D2E2CD /* Debug */,
				271EB8C8165C003D00D2E2CD /* Release */,
			);
			defaultConfigurationIsVisible = 0;
			defaultConfigurationName = Release;
		};
/* End XCConfigurationList section */
	};
	rootObject = 271EB8A3165C003D00D2E2CD /* Project object */;
}
