// !$*UTF8*$!
{
	archiveVersion = 1;
	classes = {
	};
	objectVersion = 46;
	objects = {

/* Begin PBXBuildFile section */
		272AA4B5165DC253008C740E /* donate-red.png in Resources */ = {isa = PBXBuildFile; fileRef = 272AA4AC165DC253008C740E /* donate-red.png */; };
		272AA4B6165DC253008C740E /* donate-red@2x.png in Resources */ = {isa = PBXBuildFile; fileRef = 272AA4AD165DC253008C740E /* donate-red@2x.png */; };
		272AA4B7165DC253008C740E /* donate.png in Resources */ = {isa = PBXBuildFile; fileRef = 272AA4AE165DC253008C740E /* donate.png */; };
		272AA4B8165DC253008C740E /* donate@2x.png in Resources */ = {isa = PBXBuildFile; fileRef = 272AA4AF165DC253008C740E /* donate@2x.png */; };
		272AA4B9165DC253008C740E /* JUNButton.m in Sources */ = {isa = PBXBuildFile; fileRef = 272AA4B2165DC253008C740E /* JUNButton.m */; };
		272AA4BA165DC253008C740E /* JUNButtonCell.m in Sources */ = {isa = PBXBuildFile; fileRef = 272AA4B4165DC253008C740E /* JUNButtonCell.m */; };
		276C9768165AC3050013956D /* Automator.framework in Frameworks */ = {isa = PBXBuildFile; fileRef = 276C9767165AC3050013956D /* Automator.framework */; };
		276C976A165AC3050013956D /* Cocoa.framework in Frameworks */ = {isa = PBXBuildFile; fileRef = 276C9769165AC3050013956D /* Cocoa.framework */; };
		276C9774165AC3050013956D /* InfoPlist.strings in Resources */ = {isa = PBXBuildFile; fileRef = 276C9772165AC3050013956D /* InfoPlist.strings */; };
		276C9777165AC3050013956D /* Create_Symbolic_Link.m in Sources */ = {isa = PBXBuildFile; fileRef = 276C9776165AC3050013956D /* Create_Symbolic_Link.m */; };
		276C977A165AC3050013956D /* main.xib in Resources */ = {isa = PBXBuildFile; fileRef = 276C9778165AC3050013956D /* main.xib */; };
		276C9782165B06F50013956D /* OSAKit.framework in Frameworks */ = {isa = PBXBuildFile; fileRef = 276C9781165B06F50013956D /* OSAKit.framework */; };
/* End PBXBuildFile section */

/* Begin PBXFileReference section */
		272AA4AC165DC253008C740E /* donate-red.png */ = {isa = PBXFileReference; lastKnownFileType = image.png; path = "donate-red.png"; sourceTree = "<group>"; };
		272AA4AD165DC253008C740E /* donate-red@2x.png */ = {isa = PBXFileReference; lastKnownFileType = image.png; path = "donate-red@2x.png"; sourceTree = "<group>"; };
		272AA4AE165DC253008C740E /* donate.png */ = {isa = PBXFileReference; lastKnownFileType = image.png; path = donate.png; sourceTree = "<group>"; };
		272AA4AF165DC253008C740E /* donate@2x.png */ = {isa = PBXFileReference; lastKnownFileType = image.png; path = "donate@2x.png"; sourceTree = "<group>"; };
		272AA4B1165DC253008C740E /* JUNButton.h */ = {isa = PBXFileReference; fileEncoding = 4; lastKnownFileType = sourcecode.c.h; path = JUNButton.h; sourceTree = "<group>"; };
		272AA4B2165DC253008C740E /* JUNButton.m */ = {isa = PBXFileReference; fileEncoding = 4; lastKnownFileType = sourcecode.c.objc; path = JUNButton.m; sourceTree = "<group>"; };
		272AA4B3165DC253008C740E /* JUNButtonCell.h */ = {isa = PBXFileReference; fileEncoding = 4; lastKnownFileType = sourcecode.c.h; path = JUNButtonCell.h; sourceTree = "<group>"; };
		272AA4B4165DC253008C740E /* JUNButtonCell.m */ = {isa = PBXFileReference; fileEncoding = 4; lastKnownFileType = sourcecode.c.objc; path = JUNButtonCell.m; sourceTree = "<group>"; };
		276C9764165AC3050013956D /* Create Symbolic Link.action */ = {isa = PBXFileReference; explicitFileType = wrapper.cfbundle; includeInIndex = 0; path = "Create Symbolic Link.action"; sourceTree = BUILT_PRODUCTS_DIR; };
		276C9767165AC3050013956D /* Automator.framework */ = {isa = PBXFileReference; lastKnownFileType = wrapper.framework; name = Automator.framework; path = System/Library/Frameworks/Automator.framework; sourceTree = SDKROOT; };
		276C9769165AC3050013956D /* Cocoa.framework */ = {isa = PBXFileReference; lastKnownFileType = wrapper.framework; name = Cocoa.framework; path = System/Library/Frameworks/Cocoa.framework; sourceTree = SDKROOT; };
		276C976C165AC3050013956D /* AppKit.framework */ = {isa = PBXFileReference; lastKnownFileType = wrapper.framework; name = AppKit.framework; path = System/Library/Frameworks/AppKit.framework; sourceTree = SDKROOT; };
		276C976D165AC3050013956D /* CoreData.framework */ = {isa = PBXFileReference; lastKnownFileType = wrapper.framework; name = CoreData.framework; path = System/Library/Frameworks/CoreData.framework; sourceTree = SDKROOT; };
		276C976E165AC3050013956D /* Foundation.framework */ = {isa = PBXFileReference; lastKnownFileType = wrapper.framework; name = Foundation.framework; path = System/Library/Frameworks/Foundation.framework; sourceTree = SDKROOT; };
		276C9771165AC3050013956D /* Create Symbolic Link-Info.plist */ = {isa = PBXFileReference; lastKnownFileType = text.plist.xml; path = "Create Symbolic Link-Info.plist"; sourceTree = "<group>"; };
		276C9773165AC3050013956D /* en */ = {isa = PBXFileReference; lastKnownFileType = text.plist.strings; name = en; path = en.lproj/InfoPlist.strings; sourceTree = "<group>"; };
		276C9775165AC3050013956D /* Create_Symbolic_Link.h */ = {isa = PBXFileReference; lastKnownFileType = sourcecode.c.h; path = Create_Symbolic_Link.h; sourceTree = "<group>"; };
		276C9776165AC3050013956D /* Create_Symbolic_Link.m */ = {isa = PBXFileReference; lastKnownFileType = sourcecode.c.objc; path = Create_Symbolic_Link.m; sourceTree = "<group>"; };
		276C9779165AC3050013956D /* en */ = {isa = PBXFileReference; lastKnownFileType = file.xib; name = en; path = en.lproj/main.xib; sourceTree = "<group>"; };
		276C977B165AC3050013956D /* Create Symbolic Link-Prefix.pch */ = {isa = PBXFileReference; lastKnownFileType = sourcecode.c.h; path = "Create Symbolic Link-Prefix.pch"; sourceTree = "<group>"; };
		276C9781165B06F50013956D /* OSAKit.framework */ = {isa = PBXFileReference; lastKnownFileType = wrapper.framework; name = OSAKit.framework; path = System/Library/Frameworks/OSAKit.framework; sourceTree = SDKROOT; };
/* End PBXFileReference section */

/* Begin PBXFrameworksBuildPhase section */
		276C9760165AC3050013956D /* Frameworks */ = {
			isa = PBXFrameworksBuildPhase;
			buildActionMask = 2147483647;
			files = (
				276C9782165B06F50013956D /* OSAKit.framework in Frameworks */,
				276C9768165AC3050013956D /* Automator.framework in Frameworks */,
				276C976A165AC3050013956D /* Cocoa.framework in Frameworks */,
			);
			runOnlyForDeploymentPostprocessing = 0;
		};
/* End PBXFrameworksBuildPhase section */

/* Begin PBXGroup section */
		272AA4AB165DC253008C740E /* Images */ = {
			isa = PBXGroup;
			children = (
				272AA4AC165DC253008C740E /* donate-red.png */,
				272AA4AD165DC253008C740E /* donate-red@2x.png */,
				272AA4AE165DC253008C740E /* donate.png */,
				272AA4AF165DC253008C740E /* donate@2x.png */,
			);
			name = Images;
			path = ../../Shared/Images;
			sourceTree = "<group>";
		};
		272AA4B0165DC253008C740E /* JUNButton */ = {
			isa = PBXGroup;
			children = (
				272AA4B1165DC253008C740E /* JUNButton.h */,
				272AA4B2165DC253008C740E /* JUNButton.m */,
				272AA4B3165DC253008C740E /* JUNButtonCell.h */,
				272AA4B4165DC253008C740E /* JUNButtonCell.m */,
			);
			name = JUNButton;
			path = ../../Shared/JUNButton;
			sourceTree = "<group>";
		};
		276C975A165AC3050013956D = {
			isa = PBXGroup;
			children = (
				276C976F165AC3050013956D /* Create Symbolic Link */,
				276C9766165AC3050013956D /* Frameworks */,
				276C9765165AC3050013956D /* Products */,
			);
			sourceTree = "<group>";
		};
		276C9765165AC3050013956D /* Products */ = {
			isa = PBXGroup;
			children = (
				276C9764165AC3050013956D /* Create Symbolic Link.action */,
			);
			name = Products;
			sourceTree = "<group>";
		};
		276C9766165AC3050013956D /* Frameworks */ = {
			isa = PBXGroup;
			children = (
				276C9767165AC3050013956D /* Automator.framework */,
				276C9769165AC3050013956D /* Cocoa.framework */,
				276C9781165B06F50013956D /* OSAKit.framework */,
				276C976B165AC3050013956D /* Other Frameworks */,
			);
			name = Frameworks;
			sourceTree = "<group>";
		};
		276C976B165AC3050013956D /* Other Frameworks */ = {
			isa = PBXGroup;
			children = (
				276C976C165AC3050013956D /* AppKit.framework */,
				276C976D165AC3050013956D /* CoreData.framework */,
				276C976E165AC3050013956D /* Foundation.framework */,
			);
			name = "Other Frameworks";
			sourceTree = "<group>";
		};
		276C976F165AC3050013956D /* Create Symbolic Link */ = {
			isa = PBXGroup;
			children = (
				276C9775165AC3050013956D /* Create_Symbolic_Link.h */,
				276C9776165AC3050013956D /* Create_Symbolic_Link.m */,
				276C9778165AC3050013956D /* main.xib */,
				272AA4B0165DC253008C740E /* JUNButton */,
				272AA4AB165DC253008C740E /* Images */,
				276C9770165AC3050013956D /* Supporting Files */,
			);
			path = "Create Symbolic Link";
			sourceTree = "<group>";
		};
		276C9770165AC3050013956D /* Supporting Files */ = {
			isa = PBXGroup;
			children = (
				276C9771165AC3050013956D /* Create Symbolic Link-Info.plist */,
				276C9772165AC3050013956D /* InfoPlist.strings */,
				276C977B165AC3050013956D /* Create Symbolic Link-Prefix.pch */,
			);
			name = "Supporting Files";
			sourceTree = "<group>";
		};
/* End PBXGroup section */

/* Begin PBXNativeTarget section */
		276C9763165AC3050013956D /* Create Symbolic Link */ = {
			isa = PBXNativeTarget;
			buildConfigurationList = 276C977E165AC3050013956D /* Build configuration list for PBXNativeTarget "Create Symbolic Link" */;
			buildPhases = (
				276C975F165AC3050013956D /* Sources */,
				276C9760165AC3050013956D /* Frameworks */,
				276C9761165AC3050013956D /* Resources */,
				276C9762165AC3050013956D /* ShellScript */,
			);
			buildRules = (
			);
			dependencies = (
			);
			name = "Create Symbolic Link";
			productName = "Create Symbolic Link";
			productReference = 276C9764165AC3050013956D /* Create Symbolic Link.action */;
			productType = "com.apple.product-type.bundle";
		};
/* End PBXNativeTarget section */

/* Begin PBXProject section */
		276C975B165AC3050013956D /* Project object */ = {
			isa = PBXProject;
			attributes = {
				LastUpgradeCheck = 0510;
				ORGANIZATIONNAME = "Junecloud LLC";
			};
			buildConfigurationList = 276C975E165AC3050013956D /* Build configuration list for PBXProject "Create Symbolic Link" */;
			compatibilityVersion = "Xcode 3.2";
			developmentRegion = English;
			hasScannedForEncodings = 0;
			knownRegions = (
				en,
			);
			mainGroup = 276C975A165AC3050013956D;
			productRefGroup = 276C9765165AC3050013956D /* Products */;
			projectDirPath = "";
			projectRoot = "";
			targets = (
				276C9763165AC3050013956D /* Create Symbolic Link */,
			);
		};
/* End PBXProject section */

/* Begin PBXResourcesBuildPhase section */
		276C9761165AC3050013956D /* Resources */ = {
			isa = PBXResourcesBuildPhase;
			buildActionMask = 2147483647;
			files = (
				276C9774165AC3050013956D /* InfoPlist.strings in Resources */,
				276C977A165AC3050013956D /* main.xib in Resources */,
				272AA4B5165DC253008C740E /* donate-red.png in Resources */,
				272AA4B6165DC253008C740E /* donate-red@2x.png in Resources */,
				272AA4B7165DC253008C740E /* donate.png in Resources */,
				272AA4B8165DC253008C740E /* donate@2x.png in Resources */,
			);
			runOnlyForDeploymentPostprocessing = 0;
		};
/* End PBXResourcesBuildPhase section */

/* Begin PBXShellScriptBuildPhase section */
		276C9762165AC3050013956D /* ShellScript */ = {
			isa = PBXShellScriptBuildPhase;
			buildActionMask = 2147483647;
			files = (
			);
			inputPaths = (
			);
			outputPaths = (
			);
			runOnlyForDeploymentPostprocessing = 0;
			shellPath = /bin/sh;
			shellScript = "amlint \"${BUILT_PRODUCTS_DIR}/${FULL_PRODUCT_NAME}\"\nif [ \"${CONFIGURATION}\" == \"Debug\" ]; then\n    osascript -e \"tell application \\\"Automator\\\" to quit\"\n    rm -rf \"$INSTALL_PATH/${FULL_PRODUCT_NAME}\"\n    mv \"${BUILT_PRODUCTS_DIR}/${FULL_PRODUCT_NAME}\" \"$INSTALL_PATH\"\nfi";
		};
/* End PBXShellScriptBuildPhase section */

/* Begin PBXSourcesBuildPhase section */
		276C975F165AC3050013956D /* Sources */ = {
			isa = PBXSourcesBuildPhase;
			buildActionMask = 2147483647;
			files = (
				276C9777165AC3050013956D /* Create_Symbolic_Link.m in Sources */,
				272AA4B9165DC253008C740E /* JUNButton.m in Sources */,
				272AA4BA165DC253008C740E /* JUNButtonCell.m in Sources */,
			);
			runOnlyForDeploymentPostprocessing = 0;
		};
/* End PBXSourcesBuildPhase section */

/* Begin PBXVariantGroup section */
		276C9772165AC3050013956D /* InfoPlist.strings */ = {
			isa = PBXVariantGroup;
			children = (
				276C9773165AC3050013956D /* en */,
			);
			name = InfoPlist.strings;
			sourceTree = "<group>";
		};
		276C9778165AC3050013956D /* main.xib */ = {
			isa = PBXVariantGroup;
			children = (
				276C9779165AC3050013956D /* en */,
			);
			name = main.xib;
			sourceTree = "<group>";
		};
/* End PBXVariantGroup section */

/* Begin XCBuildConfiguration section */
		276C977C165AC3050013956D /* Debug */ = {
			isa = XCBuildConfiguration;
			buildSettings = {
				ALWAYS_SEARCH_USER_PATHS = NO;
				CLANG_CXX_LANGUAGE_STANDARD = "gnu++0x";
				CLANG_CXX_LIBRARY = "libc++";
				CLANG_WARN_CONSTANT_CONVERSION = YES;
				CLANG_WARN_DEPRECATED_OBJC_IMPLEMENTATIONS = YES;
				CLANG_WARN_EMPTY_BODY = YES;
				CLANG_WARN_INT_CONVERSION = YES;
				CLANG_WARN__DUPLICATE_METHOD_MATCH = YES;
				COPY_PHASE_STRIP = NO;
				GCC_C_LANGUAGE_STANDARD = gnu99;
				GCC_DYNAMIC_NO_PIC = NO;
				GCC_ENABLE_OBJC_EXCEPTIONS = YES;
				GCC_OPTIMIZATION_LEVEL = 0;
				GCC_PREPROCESSOR_DEFINITIONS = (
					"DEBUG=1",
					"$(inherited)",
				);
				GCC_SYMBOLS_PRIVATE_EXTERN = NO;
				GCC_WARN_64_TO_32_BIT_CONVERSION = YES;
				GCC_WARN_ABOUT_RETURN_TYPE = YES;
				GCC_WARN_UNINITIALIZED_AUTOS = YES;
				GCC_WARN_UNUSED_VARIABLE = YES;
				MACOSX_DEPLOYMENT_TARGET = 10.7;
				ONLY_ACTIVE_ARCH = YES;
				SDKROOT = macosx;
			};
			name = Debug;
		};
		276C977D165AC3050013956D /* Release */ = {
			isa = XCBuildConfiguration;
			buildSettings = {
				ALWAYS_SEARCH_USER_PATHS = NO;
				CLANG_CXX_LANGUAGE_STANDARD = "gnu++0x";
				CLANG_CXX_LIBRARY = "libc++";
				CLANG_WARN_CONSTANT_CONVERSION = YES;
				CLANG_WARN_DEPRECATED_OBJC_IMPLEMENTATIONS = YES;
				CLANG_WARN_EMPTY_BODY = YES;
				CLANG_WARN_INT_CONVERSION = YES;
				CLANG_WARN__DUPLICATE_METHOD_MATCH = YES;
				CODE_SIGN_IDENTITY = "Developer ID Application";
				COPY_PHASE_STRIP = YES;
				DEBUG_INFORMATION_FORMAT = "dwarf-with-dsym";
				GCC_C_LANGUAGE_STANDARD = gnu99;
				GCC_ENABLE_OBJC_EXCEPTIONS = YES;
				GCC_WARN_64_TO_32_BIT_CONVERSION = YES;
				GCC_WARN_ABOUT_RETURN_TYPE = YES;
				GCC_WARN_UNINITIALIZED_AUTOS = YES;
				GCC_WARN_UNUSED_VARIABLE = YES;
				MACOSX_DEPLOYMENT_TARGET = 10.7;
				SDKROOT = macosx;
			};
			name = Release;
		};
		276C977F165AC3050013956D /* Debug */ = {
			isa = XCBuildConfiguration;
			buildSettings = {
				CLANG_ENABLE_OBJC_ARC = YES;
				COMBINE_HIDPI_IMAGES = YES;
				GCC_PRECOMPILE_PREFIX_HEADER = YES;
				GCC_PREFIX_HEADER = "Create Symbolic Link/Create Symbolic Link-Prefix.pch";
				INFOPLIST_FILE = "Create Symbolic Link/Create Symbolic Link-Info.plist";
				INSTALL_PATH = "$(HOME)/Library/Automator";
				OTHER_OSAFLAGS = "-x -t 0 -c 0";
				PRODUCT_NAME = "$(TARGET_NAME)";
				WRAPPER_EXTENSION = action;
			};
			name = Debug;
		};
		276C9780165AC3050013956D /* Release */ = {
			isa = XCBuildConfiguration;
			buildSettings = {
				CLANG_ENABLE_OBJC_ARC = YES;
				COMBINE_HIDPI_IMAGES = YES;
				GCC_PRECOMPILE_PREFIX_HEADER = YES;
				GCC_PREFIX_HEADER = "Create Symbolic Link/Create Symbolic Link-Prefix.pch";
				INFOPLIST_FILE = "Create Symbolic Link/Create Symbolic Link-Info.plist";
				INSTALL_PATH = "$(HOME)/Library/Automator";
				OTHER_OSAFLAGS = "-x -t 0 -c 0";
				PRODUCT_NAME = "$(TARGET_NAME)";
				WRAPPER_EXTENSION = action;
			};
			name = Release;
		};
/* End XCBuildConfiguration section */

/* Begin XCConfigurationList section */
		276C975E165AC3050013956D /* Build configuration list for PBXProject "Create Symbolic Link" */ = {
			isa = XCConfigurationList;
			buildConfigurations = (
				276C977C165AC3050013956D /* Debug */,
				276C977D165AC3050013956D /* Release */,
			);
			defaultConfigurationIsVisible = 0;
			defaultConfigurationName = Release;
		};
		276C977E165AC3050013956D /* Build configuration list for PBXNativeTarget "Create Symbolic Link" */ = {
			isa = XCConfigurationList;
			buildConfigurations = (
				276C977F165AC3050013956D /* Debug */,
				276C9780165AC3050013956D /* Release */,
			);
			defaultConfigurationIsVisible = 0;
			defaultConfigurationName = Release;
		};
/* End XCConfigurationList section */
	};
	rootObject = 276C975B165AC3050013956D /* Project object */;
}
